PODS:
  - Nimble (8.0.7)
  - RxSwift (5.1.1)

DEPENDENCIES:
  - Nimble
  - RxSwift

SPEC REPOS:
  trunk:
    - Nimble
    - RxSwift

SPEC CHECKSUMS:
  Nimble: a73af6ecd4c9106f434f3d55fc54570be3739e0b
  RxSwift: 81470a2074fa8780320ea5fe4102807cb7118178

PODFILE CHECKSUM: cbe267051b36a47ae9f5e69f8be91240d4f64d43

COCOAPODS: 1.9.1
