// !$*UTF8*$!
{
	archiveVersion = 1;
	classes = {
	};
	objectVersion = 51;
	objects = {

/* Begin PBXBuildFile section */
		310BE4041C41013CE85C8E17 /* Pods_Evolution.framework in Frameworks */ = {isa = PBXBuildFile; fileRef = CFA3620CBCAF8A08BC039171 /* Pods_Evolution.framework */; };
		44A4D8225C5CD3C6748FC600 /* AppAssembler.swift in Sources */ = {isa = PBXBuildFile; fileRef = 44A4D2962CB165B4B7E44E6D /* AppAssembler.swift */; };
		44A4D8BBB18496109C016B4F /* AppViewController.swift in Sources */ = {isa = PBXBuildFile; fileRef = 44A4DB010FC8D0AC2C7310A5 /* AppViewController.swift */; };
		44A4D93D9EBA7A0BB0ADD2AB /* AppDelegate.swift in Sources */ = {isa = PBXBuildFile; fileRef = 44A4D58E8672AE98E2DBFA7B /* AppDelegate.swift */; };
		5BF27A08E3C6053EB4C02241 /* libPods-EvolutionTests.a in Frameworks */ = {isa = PBXBuildFile; fileRef = 44F9AEB0C4E854329F23072B /* libPods-EvolutionTests.a */; };
		E7436AC624AFB9BF007C2939 /* UserInterfaceView.swift in Sources */ = {isa = PBXBuildFile; fileRef = E7E3335022A3CE99007F9923 /* UserInterfaceView.swift */; };
		E7436AC724AFB9BF007C2939 /* EntityNode.swift in Sources */ = {isa = PBXBuildFile; fileRef = E7E3334322A3CE8E007F9923 /* EntityNode.swift */; };
		E7436AC824AFB9BF007C2939 /* Food.swift in Sources */ = {isa = PBXBuildFile; fileRef = E71C7BDE228E08AD0002E7E4 /* Food.swift */; };
		E7436AC924AFB9BF007C2939 /* SKWorldController.swift in Sources */ = {isa = PBXBuildFile; fileRef = E7E3334522A3CE8E007F9923 /* SKWorldController.swift */; };
		E7436ACA24AFB9BF007C2939 /* Random.swift in Sources */ = {isa = PBXBuildFile; fileRef = E71C7BD1228E089E0002E7E4 /* Random.swift */; };
		E7436ACB24AFB9BF007C2939 /* UIKitUserInterfaceController.swift in Sources */ = {isa = PBXBuildFile; fileRef = E7E3334F22A3CE99007F9923 /* UIKitUserInterfaceController.swift */; };
		E7436ACC24AFB9BF007C2939 /* SKWorldAssembler.swift in Sources */ = {isa = PBXBuildFile; fileRef = E7E3334622A3CE8E007F9923 /* SKWorldAssembler.swift */; };
		E7436ACD24AFB9BF007C2939 /* WorldView.swift in Sources */ = {isa = PBXBuildFile; fileRef = E7E3334722A3CE8E007F9923 /* WorldView.swift */; };
		E7436ACF24AFB9BF007C2939 /* VectorMath.swift in Sources */ = {isa = PBXBuildFile; fileRef = E71C7BF2228E09400002E7E4 /* VectorMath.swift */; };
		E7436AD024AFB9BF007C2939 /* UIKitUserInterfaceAssembler.swift in Sources */ = {isa = PBXBuildFile; fileRef = E7E3334E22A3CE99007F9923 /* UIKitUserInterfaceAssembler.swift */; };
		E7436AD124AFB9BF007C2939 /* Entity.swift in Sources */ = {isa = PBXBuildFile; fileRef = E71C7BD8228E08AD0002E7E4 /* Entity.swift */; };
		E7436AD224AFB9BF007C2939 /* VectorMath+SceneKit.swift in Sources */ = {isa = PBXBuildFile; fileRef = E71C7BF4228E09400002E7E4 /* VectorMath+SceneKit.swift */; };
		E7436AD324AFB9BF007C2939 /* WorldAssembler.swift in Sources */ = {isa = PBXBuildFile; fileRef = E71C7BDD228E08AD0002E7E4 /* WorldAssembler.swift */; };
		E7436AD424AFB9BF007C2939 /* Log.swift in Sources */ = {isa = PBXBuildFile; fileRef = E71C7BD2228E089E0002E7E4 /* Log.swift */; };
		E7436AD524AFB9BF007C2939 /* World.swift in Sources */ = {isa = PBXBuildFile; fileRef = E71C7BDF228E08AD0002E7E4 /* World.swift */; };
		E7436AD624AFB9BF007C2939 /* SquareWorldAssembler.swift in Sources */ = {isa = PBXBuildFile; fileRef = E71C7BDB228E08AD0002E7E4 /* SquareWorldAssembler.swift */; };
		E7436AD824AFB9BF007C2939 /* VectorMath+Quartz.swift in Sources */ = {isa = PBXBuildFile; fileRef = E71C7BF3228E09400002E7E4 /* VectorMath+Quartz.swift */; };
		E7436ADA24AFB9BF007C2939 /* SquareWorld.swift in Sources */ = {isa = PBXBuildFile; fileRef = E71C7BDC228E08AD0002E7E4 /* SquareWorld.swift */; };
		E7436ADB24AFB9BF007C2939 /* FoodNode.swift in Sources */ = {isa = PBXBuildFile; fileRef = E7E3334422A3CE8E007F9923 /* FoodNode.swift */; };
		E7436ADD24AFB9BF007C2939 /* AppController.swift in Sources */ = {isa = PBXBuildFile; fileRef = 44A4DDEED4E377F48993908D /* AppController.swift */; };
		E7436ADE24AFB9BF007C2939 /* AppControllerAssembler.swift in Sources */ = {isa = PBXBuildFile; fileRef = 44A4D8B55DFD30FC12D44D93 /* AppControllerAssembler.swift */; };
		E7436ADF24AFB9BF007C2939 /* UserInterfaceViewAssembler.swift in Sources */ = {isa = PBXBuildFile; fileRef = 44A4D250CBE32709C943CDDD /* UserInterfaceViewAssembler.swift */; };
		E7436AE024AFB9BF007C2939 /* WorldViewAssembler.swift in Sources */ = {isa = PBXBuildFile; fileRef = 44A4D547AD4A34971AA585B9 /* WorldViewAssembler.swift */; };
		E7436AE424AFB9BF007C2939 /* Assets.scnassets in Resources */ = {isa = PBXBuildFile; fileRef = E71C7C26228E0B280002E7E4 /* Assets.scnassets */; };
		E7436AE524AFB9BF007C2939 /* Assets.xcassets in Resources */ = {isa = PBXBuildFile; fileRef = E71C7BA4228E05570002E7E4 /* Assets.xcassets */; };
		E7436AF424AFBA05007C2939 /* EvolutionTests.swift in Sources */ = {isa = PBXBuildFile; fileRef = E7436AF324AFBA05007C2939 /* EvolutionTests.swift */; };
/* End PBXBuildFile section */

/* Begin PBXContainerItemProxy section */
		E7436AF624AFBA05007C2939 /* PBXContainerItemProxy */ = {
			isa = PBXContainerItemProxy;
			containerPortal = E7DAF8F5227CD6B900FC0FD6 /* Project object */;
			proxyType = 1;
			remoteGlobalIDString = E7436AC324AFB9BF007C2939;
			remoteInfo = Evolution;
		};
/* End PBXContainerItemProxy section */

/* Begin PBXFileReference section */
		0BD0F854CC784748996CE9AD /* Pods-EvolutionTests.debug.xcconfig */ = {isa = PBXFileReference; includeInIndex = 1; lastKnownFileType = text.xcconfig; name = "Pods-EvolutionTests.debug.xcconfig"; path = "Target Support Files/Pods-EvolutionTests/Pods-EvolutionTests.debug.xcconfig"; sourceTree = "<group>"; };
		44A4D150267AE8070CF486ED /* Info.plist */ = {isa = PBXFileReference; fileEncoding = 4; lastKnownFileType = text.plist.info; path = Info.plist; sourceTree = "<group>"; };
		44A4D250CBE32709C943CDDD /* UserInterfaceViewAssembler.swift */ = {isa = PBXFileReference; fileEncoding = 4; lastKnownFileType = sourcecode.swift; path = UserInterfaceViewAssembler.swift; sourceTree = "<group>"; };
		44A4D2962CB165B4B7E44E6D /* AppAssembler.swift */ = {isa = PBXFileReference; fileEncoding = 4; lastKnownFileType = sourcecode.swift; path = AppAssembler.swift; sourceTree = "<group>"; };
		44A4D547AD4A34971AA585B9 /* WorldViewAssembler.swift */ = {isa = PBXFileReference; fileEncoding = 4; lastKnownFileType = sourcecode.swift; path = WorldViewAssembler.swift; sourceTree = "<group>"; };
		44A4D58E8672AE98E2DBFA7B /* AppDelegate.swift */ = {isa = PBXFileReference; fileEncoding = 4; lastKnownFileType = sourcecode.swift; path = AppDelegate.swift; sourceTree = "<group>"; };
		44A4D8B55DFD30FC12D44D93 /* AppControllerAssembler.swift */ = {isa = PBXFileReference; fileEncoding = 4; lastKnownFileType = sourcecode.swift; path = AppControllerAssembler.swift; sourceTree = "<group>"; };
		44A4DB010FC8D0AC2C7310A5 /* AppViewController.swift */ = {isa = PBXFileReference; fileEncoding = 4; lastKnownFileType = sourcecode.swift; path = AppViewController.swift; sourceTree = "<group>"; };
		44A4DDEED4E377F48993908D /* AppController.swift */ = {isa = PBXFileReference; fileEncoding = 4; lastKnownFileType = sourcecode.swift; path = AppController.swift; sourceTree = "<group>"; };
		44F9AEB0C4E854329F23072B /* libPods-EvolutionTests.a */ = {isa = PBXFileReference; explicitFileType = archive.ar; includeInIndex = 0; path = "libPods-EvolutionTests.a"; sourceTree = BUILT_PRODUCTS_DIR; };
		70E650E8863C4A3133291069 /* Pods-Evolution.release.xcconfig */ = {isa = PBXFileReference; includeInIndex = 1; lastKnownFileType = text.xcconfig; name = "Pods-Evolution.release.xcconfig"; path = "Target Support Files/Pods-Evolution/Pods-Evolution.release.xcconfig"; sourceTree = "<group>"; };
		CC2F4F7CA3F02A1636C40F78 /* Pods-Evolution.debug.xcconfig */ = {isa = PBXFileReference; includeInIndex = 1; lastKnownFileType = text.xcconfig; name = "Pods-Evolution.debug.xcconfig"; path = "Target Support Files/Pods-Evolution/Pods-Evolution.debug.xcconfig"; sourceTree = "<group>"; };
		CFA3620CBCAF8A08BC039171 /* Pods_Evolution.framework */ = {isa = PBXFileReference; explicitFileType = wrapper.framework; includeInIndex = 0; path = Pods_Evolution.framework; sourceTree = BUILT_PRODUCTS_DIR; };
		D437A6D0645B8821274305DE /* Pods-EvolutionTests.release.xcconfig */ = {isa = PBXFileReference; includeInIndex = 1; lastKnownFileType = text.xcconfig; name = "Pods-EvolutionTests.release.xcconfig"; path = "Target Support Files/Pods-EvolutionTests/Pods-EvolutionTests.release.xcconfig"; sourceTree = "<group>"; };
		E71C7BA4228E05570002E7E4 /* Assets.xcassets */ = {isa = PBXFileReference; lastKnownFileType = folder.assetcatalog; path = Assets.xcassets; sourceTree = "<group>"; };
		E71C7BD1228E089E0002E7E4 /* Random.swift */ = {isa = PBXFileReference; fileEncoding = 4; lastKnownFileType = sourcecode.swift; path = Random.swift; sourceTree = "<group>"; };
		E71C7BD2228E089E0002E7E4 /* Log.swift */ = {isa = PBXFileReference; fileEncoding = 4; lastKnownFileType = sourcecode.swift; path = Log.swift; sourceTree = "<group>"; };
		E71C7BD8228E08AD0002E7E4 /* Entity.swift */ = {isa = PBXFileReference; fileEncoding = 4; lastKnownFileType = sourcecode.swift; path = Entity.swift; sourceTree = "<group>"; };
		E71C7BDB228E08AD0002E7E4 /* SquareWorldAssembler.swift */ = {isa = PBXFileReference; fileEncoding = 4; lastKnownFileType = sourcecode.swift; path = SquareWorldAssembler.swift; sourceTree = "<group>"; };
		E71C7BDC228E08AD0002E7E4 /* SquareWorld.swift */ = {isa = PBXFileReference; fileEncoding = 4; lastKnownFileType = sourcecode.swift; path = SquareWorld.swift; sourceTree = "<group>"; };
		E71C7BDD228E08AD0002E7E4 /* WorldAssembler.swift */ = {isa = PBXFileReference; fileEncoding = 4; lastKnownFileType = sourcecode.swift; path = WorldAssembler.swift; sourceTree = "<group>"; };
		E71C7BDE228E08AD0002E7E4 /* Food.swift */ = {isa = PBXFileReference; fileEncoding = 4; lastKnownFileType = sourcecode.swift; path = Food.swift; sourceTree = "<group>"; };
		E71C7BDF228E08AD0002E7E4 /* World.swift */ = {isa = PBXFileReference; fileEncoding = 4; lastKnownFileType = sourcecode.swift; path = World.swift; sourceTree = "<group>"; };
		E71C7BF2228E09400002E7E4 /* VectorMath.swift */ = {isa = PBXFileReference; fileEncoding = 4; lastKnownFileType = sourcecode.swift; path = VectorMath.swift; sourceTree = "<group>"; };
		E71C7BF3228E09400002E7E4 /* VectorMath+Quartz.swift */ = {isa = PBXFileReference; fileEncoding = 4; lastKnownFileType = sourcecode.swift; path = "VectorMath+Quartz.swift"; sourceTree = "<group>"; };
		E71C7BF4228E09400002E7E4 /* VectorMath+SceneKit.swift */ = {isa = PBXFileReference; fileEncoding = 4; lastKnownFileType = sourcecode.swift; path = "VectorMath+SceneKit.swift"; sourceTree = "<group>"; };
		E71C7C26228E0B280002E7E4 /* Assets.scnassets */ = {isa = PBXFileReference; lastKnownFileType = wrapper.scnassets; path = Assets.scnassets; sourceTree = "<group>"; };
		E7436AEA24AFB9BF007C2939 /* Evolution.app */ = {isa = PBXFileReference; explicitFileType = wrapper.application; includeInIndex = 0; path = Evolution.app; sourceTree = BUILT_PRODUCTS_DIR; };
		E7436AEC24AFB9CC007C2939 /* Evolution.entitlements */ = {isa = PBXFileReference; lastKnownFileType = text.plist.entitlements; path = Evolution.entitlements; sourceTree = "<group>"; };
		E7436AF124AFBA05007C2939 /* EvolutionTests.xctest */ = {isa = PBXFileReference; explicitFileType = wrapper.cfbundle; includeInIndex = 0; path = EvolutionTests.xctest; sourceTree = BUILT_PRODUCTS_DIR; };
		E7436AF324AFBA05007C2939 /* EvolutionTests.swift */ = {isa = PBXFileReference; lastKnownFileType = sourcecode.swift; path = EvolutionTests.swift; sourceTree = "<group>"; };
		E7436AF524AFBA05007C2939 /* Info.plist */ = {isa = PBXFileReference; lastKnownFileType = text.plist.xml; path = Info.plist; sourceTree = "<group>"; };
		E7E3334322A3CE8E007F9923 /* EntityNode.swift */ = {isa = PBXFileReference; fileEncoding = 4; lastKnownFileType = sourcecode.swift; path = EntityNode.swift; sourceTree = "<group>"; };
		E7E3334422A3CE8E007F9923 /* FoodNode.swift */ = {isa = PBXFileReference; fileEncoding = 4; lastKnownFileType = sourcecode.swift; path = FoodNode.swift; sourceTree = "<group>"; };
		E7E3334522A3CE8E007F9923 /* SKWorldController.swift */ = {isa = PBXFileReference; fileEncoding = 4; lastKnownFileType = sourcecode.swift; path = SKWorldController.swift; sourceTree = "<group>"; };
		E7E3334622A3CE8E007F9923 /* SKWorldAssembler.swift */ = {isa = PBXFileReference; fileEncoding = 4; lastKnownFileType = sourcecode.swift; path = SKWorldAssembler.swift; sourceTree = "<group>"; };
		E7E3334722A3CE8E007F9923 /* WorldView.swift */ = {isa = PBXFileReference; fileEncoding = 4; lastKnownFileType = sourcecode.swift; path = WorldView.swift; sourceTree = "<group>"; };
		E7E3334E22A3CE99007F9923 /* UIKitUserInterfaceAssembler.swift */ = {isa = PBXFileReference; fileEncoding = 4; lastKnownFileType = sourcecode.swift; path = UIKitUserInterfaceAssembler.swift; sourceTree = "<group>"; };
		E7E3334F22A3CE99007F9923 /* UIKitUserInterfaceController.swift */ = {isa = PBXFileReference; fileEncoding = 4; lastKnownFileType = sourcecode.swift; path = UIKitUserInterfaceController.swift; sourceTree = "<group>"; };
		E7E3335022A3CE99007F9923 /* UserInterfaceView.swift */ = {isa = PBXFileReference; fileEncoding = 4; lastKnownFileType = sourcecode.swift; path = UserInterfaceView.swift; sourceTree = "<group>"; };
/* End PBXFileReference section */

/* Begin PBXFrameworksBuildPhase section */
		E7436AE124AFB9BF007C2939 /* Frameworks */ = {
			isa = PBXFrameworksBuildPhase;
			buildActionMask = 2147483647;
			files = (
				310BE4041C41013CE85C8E17 /* Pods_Evolution.framework in Frameworks */,
			);
			runOnlyForDeploymentPostprocessing = 0;
		};
		E7436AEE24AFBA05007C2939 /* Frameworks */ = {
			isa = PBXFrameworksBuildPhase;
			buildActionMask = 2147483647;
			files = (
				5BF27A08E3C6053EB4C02241 /* libPods-EvolutionTests.a in Frameworks */,
			);
			runOnlyForDeploymentPostprocessing = 0;
		};
/* End PBXFrameworksBuildPhase section */

/* Begin PBXGroup section */
		420687093BA9593BFEE32857 /* Pods */ = {
			isa = PBXGroup;
			children = (
				CC2F4F7CA3F02A1636C40F78 /* Pods-Evolution.debug.xcconfig */,
				70E650E8863C4A3133291069 /* Pods-Evolution.release.xcconfig */,
				0BD0F854CC784748996CE9AD /* Pods-EvolutionTests.debug.xcconfig */,
				D437A6D0645B8821274305DE /* Pods-EvolutionTests.release.xcconfig */,
			);
			path = Pods;
			sourceTree = "<group>";
		};
		44A4DA42617E280C9E79EDF7 /* UserInterface */ = {
			isa = PBXGroup;
			children = (
				E7E3334D22A3CE99007F9923 /* UIKit */,
				E7E3335022A3CE99007F9923 /* UserInterfaceView.swift */,
				44A4D250CBE32709C943CDDD /* UserInterfaceViewAssembler.swift */,
			);
			path = UserInterface;
			sourceTree = "<group>";
		};
		44A4DBFDFEDB7889865B4B61 /* World */ = {
			isa = PBXGroup;
			children = (
				E7E3334722A3CE8E007F9923 /* WorldView.swift */,
				E7E3334122A3CE8E007F9923 /* SceneKit */,
				44A4D547AD4A34971AA585B9 /* WorldViewAssembler.swift */,
			);
			path = World;
			sourceTree = "<group>";
		};
		44A4DDCE0C5C7A77B044DFB2 /* View */ = {
			isa = PBXGroup;
			children = (
				44A4DA42617E280C9E79EDF7 /* UserInterface */,
				44A4DBFDFEDB7889865B4B61 /* World */,
			);
			path = View;
			sourceTree = "<group>";
		};
		44A4DE9FB46C0EE279AEC880 /* App */ = {
			isa = PBXGroup;
			children = (
			);
			path = App;
			sourceTree = "<group>";
		};
		DECA47F573ABC1AF8529D844 /* Frameworks */ = {
			isa = PBXGroup;
			children = (
				CFA3620CBCAF8A08BC039171 /* Pods_Evolution.framework */,
				44F9AEB0C4E854329F23072B /* libPods-EvolutionTests.a */,
			);
			name = Frameworks;
			sourceTree = "<group>";
		};
		E71C7BA1228E05560002E7E4 /* Evolution */ = {
			isa = PBXGroup;
			children = (
				E7436AEC24AFB9CC007C2939 /* Evolution.entitlements */,
				E71C7BA4228E05570002E7E4 /* Assets.xcassets */,
				E71C7BD7228E08AD0002E7E4 /* Model */,
				E71C7BD0228E089E0002E7E4 /* Util */,
				E71C7BF1228E09400002E7E4 /* VectorMath */,
				44A4DDCE0C5C7A77B044DFB2 /* View */,
				44A4DDEED4E377F48993908D /* AppController.swift */,
				44A4D8B55DFD30FC12D44D93 /* AppControllerAssembler.swift */,
				44A4D58E8672AE98E2DBFA7B /* AppDelegate.swift */,
				44A4DB010FC8D0AC2C7310A5 /* AppViewController.swift */,
				44A4D150267AE8070CF486ED /* Info.plist */,
				44A4DE9FB46C0EE279AEC880 /* App */,
				44A4D2962CB165B4B7E44E6D /* AppAssembler.swift */,
			);
			path = Evolution;
			sourceTree = "<group>";
		};
		E71C7BD0228E089E0002E7E4 /* Util */ = {
			isa = PBXGroup;
			children = (
				E71C7BD1228E089E0002E7E4 /* Random.swift */,
				E71C7BD2228E089E0002E7E4 /* Log.swift */,
			);
			path = Util;
			sourceTree = "<group>";
		};
		E71C7BD7228E08AD0002E7E4 /* Model */ = {
			isa = PBXGroup;
			children = (
				E71C7BD8228E08AD0002E7E4 /* Entity.swift */,
				E71C7BDA228E08AD0002E7E4 /* SquareWorld */,
				E71C7BDD228E08AD0002E7E4 /* WorldAssembler.swift */,
				E71C7BDE228E08AD0002E7E4 /* Food.swift */,
				E71C7BDF228E08AD0002E7E4 /* World.swift */,
			);
			path = Model;
			sourceTree = "<group>";
		};
		E71C7BDA228E08AD0002E7E4 /* SquareWorld */ = {
			isa = PBXGroup;
			children = (
				E71C7BDB228E08AD0002E7E4 /* SquareWorldAssembler.swift */,
				E71C7BDC228E08AD0002E7E4 /* SquareWorld.swift */,
			);
			path = SquareWorld;
			sourceTree = "<group>";
		};
		E71C7BF1228E09400002E7E4 /* VectorMath */ = {
			isa = PBXGroup;
			children = (
				E71C7BF2228E09400002E7E4 /* VectorMath.swift */,
				E71C7BF3228E09400002E7E4 /* VectorMath+Quartz.swift */,
				E71C7BF4228E09400002E7E4 /* VectorMath+SceneKit.swift */,
			);
			name = VectorMath;
			path = Submodules/VectorMath/VectorMath;
			sourceTree = SOURCE_ROOT;
		};
		E7436AF224AFBA05007C2939 /* EvolutionTests */ = {
			isa = PBXGroup;
			children = (
				E7436AF324AFBA05007C2939 /* EvolutionTests.swift */,
				E7436AF524AFBA05007C2939 /* Info.plist */,
			);
			path = EvolutionTests;
			sourceTree = "<group>";
		};
		E7DAF8F4227CD6B900FC0FD6 = {
			isa = PBXGroup;
			children = (
				E71C7BA1228E05560002E7E4 /* Evolution */,
				E7436AF224AFBA05007C2939 /* EvolutionTests */,
				E7DAF8FE227CD6B900FC0FD6 /* Products */,
				420687093BA9593BFEE32857 /* Pods */,
				DECA47F573ABC1AF8529D844 /* Frameworks */,
			);
			sourceTree = "<group>";
			wrapsLines = 0;
		};
		E7DAF8FE227CD6B900FC0FD6 /* Products */ = {
			isa = PBXGroup;
			children = (
				E7436AEA24AFB9BF007C2939 /* Evolution.app */,
				E7436AF124AFBA05007C2939 /* EvolutionTests.xctest */,
			);
			name = Products;
			sourceTree = "<group>";
		};
		E7E3334122A3CE8E007F9923 /* SceneKit */ = {
			isa = PBXGroup;
			children = (
				E71C7C26228E0B280002E7E4 /* Assets.scnassets */,
				E7E3334222A3CE8E007F9923 /* Nodes */,
				E7E3334522A3CE8E007F9923 /* SKWorldController.swift */,
				E7E3334622A3CE8E007F9923 /* SKWorldAssembler.swift */,
			);
			path = SceneKit;
			sourceTree = "<group>";
		};
		E7E3334222A3CE8E007F9923 /* Nodes */ = {
			isa = PBXGroup;
			children = (
				E7E3334322A3CE8E007F9923 /* EntityNode.swift */,
				E7E3334422A3CE8E007F9923 /* FoodNode.swift */,
			);
			path = Nodes;
			sourceTree = "<group>";
		};
		E7E3334D22A3CE99007F9923 /* UIKit */ = {
			isa = PBXGroup;
			children = (
				E7E3334E22A3CE99007F9923 /* UIKitUserInterfaceAssembler.swift */,
				E7E3334F22A3CE99007F9923 /* UIKitUserInterfaceController.swift */,
			);
			path = UIKit;
			sourceTree = "<group>";
		};
/* End PBXGroup section */

/* Begin PBXNativeTarget section */
		E7436AC324AFB9BF007C2939 /* Evolution */ = {
			isa = PBXNativeTarget;
			buildConfigurationList = E7436AE724AFB9BF007C2939 /* Build configuration list for PBXNativeTarget "Evolution" */;
			buildPhases = (
				E7436AC424AFB9BF007C2939 /* [CP] Check Pods Manifest.lock */,
				E7436AC524AFB9BF007C2939 /* Sources */,
				E7436AE124AFB9BF007C2939 /* Frameworks */,
				E7436AE324AFB9BF007C2939 /* Resources */,
				E7436AE624AFB9BF007C2939 /* [CP] Embed Pods Frameworks */,
			);
			buildRules = (
			);
			dependencies = (
			);
			name = Evolution;
			productName = "Evolution iOS";
			productReference = E7436AEA24AFB9BF007C2939 /* Evolution.app */;
			productType = "com.apple.product-type.application";
		};
		E7436AF024AFBA05007C2939 /* EvolutionTests */ = {
			isa = PBXNativeTarget;
			buildConfigurationList = E7436AF824AFBA05007C2939 /* Build configuration list for PBXNativeTarget "EvolutionTests" */;
			buildPhases = (
				0E5DA7A60FE6F8285FD10A13 /* [CP] Check Pods Manifest.lock */,
				E7436AED24AFBA05007C2939 /* Sources */,
				E7436AEE24AFBA05007C2939 /* Frameworks */,
				E7436AEF24AFBA05007C2939 /* Resources */,
			);
			buildRules = (
			);
			dependencies = (
				E7436AF724AFBA05007C2939 /* PBXTargetDependency */,
			);
			name = EvolutionTests;
			productName = EvolutionTests;
			productReference = E7436AF124AFBA05007C2939 /* EvolutionTests.xctest */;
			productType = "com.apple.product-type.bundle.unit-test";
		};
/* End PBXNativeTarget section */

/* Begin PBXProject section */
		E7DAF8F5227CD6B900FC0FD6 /* Project object */ = {
			isa = PBXProject;
			attributes = {
				LastSwiftUpdateCheck = 1150;
				LastUpgradeCheck = 1020;
				ORGANIZATIONNAME = Nomad5;
				TargetAttributes = {
					E7436AF024AFBA05007C2939 = {
						CreatedOnToolsVersion = 11.5;
						TestTargetID = E7436AC324AFB9BF007C2939;
					};
				};
			};
			buildConfigurationList = E7DAF8F8227CD6B900FC0FD6 /* Build configuration list for PBXProject "Evolution" */;
			compatibilityVersion = "Xcode 9.3";
			developmentRegion = en;
			hasScannedForEncodings = 0;
			knownRegions = (
				en,
				Base,
			);
			mainGroup = E7DAF8F4227CD6B900FC0FD6;
			productRefGroup = E7DAF8FE227CD6B900FC0FD6 /* Products */;
			projectDirPath = "";
			projectRoot = "";
			targets = (
				E7436AC324AFB9BF007C2939 /* Evolution */,
				E7436AF024AFBA05007C2939 /* EvolutionTests */,
			);
		};
/* End PBXProject section */

/* Begin PBXResourcesBuildPhase section */
		E7436AE324AFB9BF007C2939 /* Resources */ = {
			isa = PBXResourcesBuildPhase;
			buildActionMask = 2147483647;
			files = (
				E7436AE424AFB9BF007C2939 /* Assets.scnassets in Resources */,
				E7436AE524AFB9BF007C2939 /* Assets.xcassets in Resources */,
			);
			runOnlyForDeploymentPostprocessing = 0;
		};
		E7436AEF24AFBA05007C2939 /* Resources */ = {
			isa = PBXResourcesBuildPhase;
			buildActionMask = 2147483647;
			files = (
			);
			runOnlyForDeploymentPostprocessing = 0;
		};
/* End PBXResourcesBuildPhase section */

/* Begin PBXShellScriptBuildPhase section */
		0E5DA7A60FE6F8285FD10A13 /* [CP] Check Pods Manifest.lock */ = {
			isa = PBXShellScriptBuildPhase;
			buildActionMask = 2147483647;
			files = (
			);
			inputFileListPaths = (
			);
			inputPaths = (
				"${PODS_PODFILE_DIR_PATH}/Podfile.lock",
				"${PODS_ROOT}/Manifest.lock",
			);
			name = "[CP] Check Pods Manifest.lock";
			outputFileListPaths = (
			);
			outputPaths = (
				"$(DERIVED_FILE_DIR)/Pods-EvolutionTests-checkManifestLockResult.txt",
			);
			runOnlyForDeploymentPostprocessing = 0;
			shellPath = /bin/sh;
			shellScript = "diff \"${PODS_PODFILE_DIR_PATH}/Podfile.lock\" \"${PODS_ROOT}/Manifest.lock\" > /dev/null\nif [ $? != 0 ] ; then\n    # print error to STDERR\n    echo \"error: The sandbox is not in sync with the Podfile.lock. Run 'pod install' or update your CocoaPods installation.\" >&2\n    exit 1\nfi\n# This output is used by Xcode 'outputs' to avoid re-running this script phase.\necho \"SUCCESS\" > \"${SCRIPT_OUTPUT_FILE_0}\"\n";
			showEnvVarsInLog = 0;
		};
		E7436AC424AFB9BF007C2939 /* [CP] Check Pods Manifest.lock */ = {
			isa = PBXShellScriptBuildPhase;
			buildActionMask = 2147483647;
			files = (
			);
			inputFileListPaths = (
			);
			inputPaths = (
				"${PODS_PODFILE_DIR_PATH}/Podfile.lock",
				"${PODS_ROOT}/Manifest.lock",
			);
			name = "[CP] Check Pods Manifest.lock";
			outputFileListPaths = (
			);
			outputPaths = (
				"$(DERIVED_FILE_DIR)/Pods-Evolution-checkManifestLockResult.txt",
			);
			runOnlyForDeploymentPostprocessing = 0;
			shellPath = /bin/sh;
			shellScript = "diff \"${PODS_PODFILE_DIR_PATH}/Podfile.lock\" \"${PODS_ROOT}/Manifest.lock\" > /dev/null\nif [ $? != 0 ] ; then\n    # print error to STDERR\n    echo \"error: The sandbox is not in sync with the Podfile.lock. Run 'pod install' or update your CocoaPods installation.\" >&2\n    exit 1\nfi\n# This output is used by Xcode 'outputs' to avoid re-running this script phase.\necho \"SUCCESS\" > \"${SCRIPT_OUTPUT_FILE_0}\"\n";
			showEnvVarsInLog = 0;
		};
		E7436AE624AFB9BF007C2939 /* [CP] Embed Pods Frameworks */ = {
			isa = PBXShellScriptBuildPhase;
			buildActionMask = 2147483647;
			files = (
			);
			inputFileListPaths = (
				"${PODS_ROOT}/Target Support Files/Pods-Evolution/Pods-Evolution-frameworks-${CONFIGURATION}-input-files.xcfilelist",
			);
			name = "[CP] Embed Pods Frameworks";
			outputFileListPaths = (
				"${PODS_ROOT}/Target Support Files/Pods-Evolution/Pods-Evolution-frameworks-${CONFIGURATION}-output-files.xcfilelist",
			);
			runOnlyForDeploymentPostprocessing = 0;
			shellPath = /bin/sh;
			shellScript = "\"${PODS_ROOT}/Target Support Files/Pods-Evolution/Pods-Evolution-frameworks.sh\"\n";
			showEnvVarsInLog = 0;
		};
/* End PBXShellScriptBuildPhase section */

/* Begin PBXSourcesBuildPhase section */
		E7436AC524AFB9BF007C2939 /* Sources */ = {
			isa = PBXSourcesBuildPhase;
			buildActionMask = 2147483647;
			files = (
				E7436AC624AFB9BF007C2939 /* UserInterfaceView.swift in Sources */,
				E7436AC724AFB9BF007C2939 /* EntityNode.swift in Sources */,
				E7436AC824AFB9BF007C2939 /* Food.swift in Sources */,
				E7436AC924AFB9BF007C2939 /* SKWorldController.swift in Sources */,
				E7436ACA24AFB9BF007C2939 /* Random.swift in Sources */,
				E7436ACB24AFB9BF007C2939 /* UIKitUserInterfaceController.swift in Sources */,
				E7436ACC24AFB9BF007C2939 /* SKWorldAssembler.swift in Sources */,
				E7436ACD24AFB9BF007C2939 /* WorldView.swift in Sources */,
				E7436ACF24AFB9BF007C2939 /* VectorMath.swift in Sources */,
				E7436AD024AFB9BF007C2939 /* UIKitUserInterfaceAssembler.swift in Sources */,
				E7436AD124AFB9BF007C2939 /* Entity.swift in Sources */,
				E7436AD224AFB9BF007C2939 /* VectorMath+SceneKit.swift in Sources */,
				E7436AD324AFB9BF007C2939 /* WorldAssembler.swift in Sources */,
				E7436AD424AFB9BF007C2939 /* Log.swift in Sources */,
				E7436AD524AFB9BF007C2939 /* World.swift in Sources */,
				E7436AD624AFB9BF007C2939 /* SquareWorldAssembler.swift in Sources */,
				E7436AD824AFB9BF007C2939 /* VectorMath+Quartz.swift in Sources */,
				E7436ADA24AFB9BF007C2939 /* SquareWorld.swift in Sources */,
				E7436ADB24AFB9BF007C2939 /* FoodNode.swift in Sources */,
				E7436ADD24AFB9BF007C2939 /* AppController.swift in Sources */,
				E7436ADE24AFB9BF007C2939 /* AppControllerAssembler.swift in Sources */,
				E7436ADF24AFB9BF007C2939 /* UserInterfaceViewAssembler.swift in Sources */,
				E7436AE024AFB9BF007C2939 /* WorldViewAssembler.swift in Sources */,
				44A4D93D9EBA7A0BB0ADD2AB /* AppDelegate.swift in Sources */,
				44A4D8BBB18496109C016B4F /* AppViewController.swift in Sources */,
				44A4D8225C5CD3C6748FC600 /* AppAssembler.swift in Sources */,
			);
			runOnlyForDeploymentPostprocessing = 0;
		};
		E7436AED24AFBA05007C2939 /* Sources */ = {
			isa = PBXSourcesBuildPhase;
			buildActionMask = 2147483647;
			files = (
				E7436AF424AFBA05007C2939 /* EvolutionTests.swift in Sources */,
			);
			runOnlyForDeploymentPostprocessing = 0;
		};
/* End PBXSourcesBuildPhase section */

/* Begin PBXTargetDependency section */
		E7436AF724AFBA05007C2939 /* PBXTargetDependency */ = {
			isa = PBXTargetDependency;
			target = E7436AC324AFB9BF007C2939 /* Evolution */;
			targetProxy = E7436AF624AFBA05007C2939 /* PBXContainerItemProxy */;
		};
/* End PBXTargetDependency section */

/* Begin XCBuildConfiguration section */
		E7436AE824AFB9BF007C2939 /* Debug */ = {
			isa = XCBuildConfiguration;
			baseConfigurationReference = CC2F4F7CA3F02A1636C40F78 /* Pods-Evolution.debug.xcconfig */;
			buildSettings = {
				ASSETCATALOG_COMPILER_APPICON_NAME = AppIcon;
				CODE_SIGN_ENTITLEMENTS = Evolution/Evolution.entitlements;
				CODE_SIGN_IDENTITY = "iPhone Developer";
				CODE_SIGN_STYLE = Automatic;
				DEVELOPMENT_TEAM = E4H6XCERNK;
				INFOPLIST_FILE = "$(SRCROOT)/Evolution/Info.plist";
				IPHONEOS_DEPLOYMENT_TARGET = 11.0;
				LD_RUNPATH_SEARCH_PATHS = (
					"$(inherited)",
					"@executable_path/Frameworks",
				);
				PRODUCT_BUNDLE_IDENTIFIER = com.nomad5.Evolution;
				PRODUCT_NAME = "$(TARGET_NAME)";
				SDKROOT = iphoneos;
				SUPPORTS_MACCATALYST = YES;
				SWIFT_VERSION = 5.0;
				TARGETED_DEVICE_FAMILY = "1,2";
			};
			name = Debug;
		};
		E7436AE924AFB9BF007C2939 /* Release */ = {
			isa = XCBuildConfiguration;
			baseConfigurationReference = 70E650E8863C4A3133291069 /* Pods-Evolution.release.xcconfig */;
			buildSettings = {
				ASSETCATALOG_COMPILER_APPICON_NAME = AppIcon;
				CODE_SIGN_ENTITLEMENTS = Evolution/Evolution.entitlements;
				CODE_SIGN_IDENTITY = "iPhone Developer";
				CODE_SIGN_STYLE = Automatic;
				DEVELOPMENT_TEAM = E4H6XCERNK;
				INFOPLIST_FILE = "$(SRCROOT)/Evolution/Info.plist";
				IPHONEOS_DEPLOYMENT_TARGET = 11.0;
				LD_RUNPATH_SEARCH_PATHS = (
					"$(inherited)",
					"@executable_path/Frameworks",
				);
				PRODUCT_BUNDLE_IDENTIFIER = com.nomad5.Evolution;
				PRODUCT_NAME = "$(TARGET_NAME)";
				SDKROOT = iphoneos;
				SUPPORTS_MACCATALYST = YES;
				SWIFT_VERSION = 5.0;
				TARGETED_DEVICE_FAMILY = "1,2";
				VALIDATE_PRODUCT = YES;
			};
			name = Release;
		};
		E7436AF924AFBA05007C2939 /* Debug */ = {
			isa = XCBuildConfiguration;
			baseConfigurationReference = 0BD0F854CC784748996CE9AD /* Pods-EvolutionTests.debug.xcconfig */;
			buildSettings = {
				BUNDLE_LOADER = "$(TEST_HOST)";
				CODE_SIGN_STYLE = Automatic;
				DEVELOPMENT_TEAM = E4H6XCERNK;
				INFOPLIST_FILE = EvolutionTests/Info.plist;
				IPHONEOS_DEPLOYMENT_TARGET = 13.5;
				LD_RUNPATH_SEARCH_PATHS = (
					"$(inherited)",
					"@executable_path/Frameworks",
					"@loader_path/Frameworks",
				);
				PRODUCT_BUNDLE_IDENTIFIER = com.nomad5.EvolutionTests;
				PRODUCT_NAME = "$(TARGET_NAME)";
				SWIFT_VERSION = 5.0;
				TARGETED_DEVICE_FAMILY = "1,2";
				TEST_HOST = "$(BUILT_PRODUCTS_DIR)/Evolution.app/Evolution";
			};
			name = Debug;
		};
		E7436AFA24AFBA05007C2939 /* Release */ = {
			isa = XCBuildConfiguration;
			baseConfigurationReference = D437A6D0645B8821274305DE /* Pods-EvolutionTests.release.xcconfig */;
			buildSettings = {
				BUNDLE_LOADER = "$(TEST_HOST)";
				CODE_SIGN_STYLE = Automatic;
				DEVELOPMENT_TEAM = E4H6XCERNK;
				INFOPLIST_FILE = EvolutionTests/Info.plist;
				IPHONEOS_DEPLOYMENT_TARGET = 13.5;
				LD_RUNPATH_SEARCH_PATHS = (
					"$(inherited)",
					"@executable_path/Frameworks",
					"@loader_path/Frameworks",
				);
				PRODUCT_BUNDLE_IDENTIFIER = com.nomad5.EvolutionTests;
				PRODUCT_NAME = "$(TARGET_NAME)";
				SWIFT_VERSION = 5.0;
				TARGETED_DEVICE_FAMILY = "1,2";
				TEST_HOST = "$(BUILT_PRODUCTS_DIR)/Evolution.app/Evolution";
			};
			name = Release;
		};
		E7DAF90F227CD6BB00FC0FD6 /* Debug */ = {
			isa = XCBuildConfiguration;
			buildSettings = {
				ALWAYS_SEARCH_USER_PATHS = NO;
				CLANG_ANALYZER_NONNULL = YES;
				CLANG_ANALYZER_NUMBER_OBJECT_CONVERSION = YES_AGGRESSIVE;
				CLANG_CXX_LANGUAGE_STANDARD = "gnu++14";
				CLANG_CXX_LIBRARY = "libc++";
				CLANG_ENABLE_MODULES = YES;
				CLANG_ENABLE_OBJC_ARC = YES;
				CLANG_ENABLE_OBJC_WEAK = YES;
				CLANG_WARN_BLOCK_CAPTURE_AUTORELEASING = YES;
				CLANG_WARN_BOOL_CONVERSION = YES;
				CLANG_WARN_COMMA = YES;
				CLANG_WARN_CONSTANT_CONVERSION = YES;
				CLANG_WARN_DEPRECATED_OBJC_IMPLEMENTATIONS = YES;
				CLANG_WARN_DIRECT_OBJC_ISA_USAGE = YES_ERROR;
				CLANG_WARN_DOCUMENTATION_COMMENTS = YES;
				CLANG_WARN_EMPTY_BODY = YES;
				CLANG_WARN_ENUM_CONVERSION = YES;
				CLANG_WARN_INFINITE_RECURSION = YES;
				CLANG_WARN_INT_CONVERSION = YES;
				CLANG_WARN_NON_LITERAL_NULL_CONVERSION = YES;
				CLANG_WARN_OBJC_IMPLICIT_RETAIN_SELF = YES;
				CLANG_WARN_OBJC_LITERAL_CONVERSION = YES;
				CLANG_WARN_OBJC_ROOT_CLASS = YES_ERROR;
				CLANG_WARN_RANGE_LOOP_ANALYSIS = YES;
				CLANG_WARN_STRICT_PROTOTYPES = YES;
				CLANG_WARN_SUSPICIOUS_MOVE = YES;
				CLANG_WARN_UNGUARDED_AVAILABILITY = YES_AGGRESSIVE;
				CLANG_WARN_UNREACHABLE_CODE = YES;
				CLANG_WARN__DUPLICATE_METHOD_MATCH = YES;
				CODE_SIGN_IDENTITY = "iPhone Developer";
				COPY_PHASE_STRIP = NO;
				DEBUG_INFORMATION_FORMAT = dwarf;
				ENABLE_STRICT_OBJC_MSGSEND = YES;
				ENABLE_TESTABILITY = YES;
				GCC_C_LANGUAGE_STANDARD = gnu11;
				GCC_DYNAMIC_NO_PIC = NO;
				GCC_NO_COMMON_BLOCKS = YES;
				GCC_OPTIMIZATION_LEVEL = 0;
				GCC_PREPROCESSOR_DEFINITIONS = (
					"DEBUG=1",
					"$(inherited)",
				);
				GCC_WARN_64_TO_32_BIT_CONVERSION = YES;
				GCC_WARN_ABOUT_RETURN_TYPE = YES_ERROR;
				GCC_WARN_UNDECLARED_SELECTOR = YES;
				GCC_WARN_UNINITIALIZED_AUTOS = YES_AGGRESSIVE;
				GCC_WARN_UNUSED_FUNCTION = YES;
				GCC_WARN_UNUSED_VARIABLE = YES;
				IPHONEOS_DEPLOYMENT_TARGET = 12.2;
				MTL_ENABLE_DEBUG_INFO = INCLUDE_SOURCE;
				MTL_FAST_MATH = YES;
				ONLY_ACTIVE_ARCH = YES;
				SDKROOT = iphoneos;
				SWIFT_ACTIVE_COMPILATION_CONDITIONS = DEBUG;
				SWIFT_OPTIMIZATION_LEVEL = "-Onone";
			};
			name = Debug;
		};
		E7DAF910227CD6BB00FC0FD6 /* Release */ = {
			isa = XCBuildConfiguration;
			buildSettings = {
				ALWAYS_SEARCH_USER_PATHS = NO;
				CLANG_ANALYZER_NONNULL = YES;
				CLANG_ANALYZER_NUMBER_OBJECT_CONVERSION = YES_AGGRESSIVE;
				CLANG_CXX_LANGUAGE_STANDARD = "gnu++14";
				CLANG_CXX_LIBRARY = "libc++";
				CLANG_ENABLE_MODULES = YES;
				CLANG_ENABLE_OBJC_ARC = YES;
				CLANG_ENABLE_OBJC_WEAK = YES;
				CLANG_WARN_BLOCK_CAPTURE_AUTORELEASING = YES;
				CLANG_WARN_BOOL_CONVERSION = YES;
				CLANG_WARN_COMMA = YES;
				CLANG_WARN_CONSTANT_CONVERSION = YES;
				CLANG_WARN_DEPRECATED_OBJC_IMPLEMENTATIONS = YES;
				CLANG_WARN_DIRECT_OBJC_ISA_USAGE = YES_ERROR;
				CLANG_WARN_DOCUMENTATION_COMMENTS = YES;
				CLANG_WARN_EMPTY_BODY = YES;
				CLANG_WARN_ENUM_CONVERSION = YES;
				CLANG_WARN_INFINITE_RECURSION = YES;
				CLANG_WARN_INT_CONVERSION = YES;
				CLANG_WARN_NON_LITERAL_NULL_CONVERSION = YES;
				CLANG_WARN_OBJC_IMPLICIT_RETAIN_SELF = YES;
				CLANG_WARN_OBJC_LITERAL_CONVERSION = YES;
				CLANG_WARN_OBJC_ROOT_CLASS = YES_ERROR;
				CLANG_WARN_RANGE_LOOP_ANALYSIS = YES;
				CLANG_WARN_STRICT_PROTOTYPES = YES;
				CLANG_WARN_SUSPICIOUS_MOVE = YES;
				CLANG_WARN_UNGUARDED_AVAILABILITY = YES_AGGRESSIVE;
				CLANG_WARN_UNREACHABLE_CODE = YES;
				CLANG_WARN__DUPLICATE_METHOD_MATCH = YES;
				CODE_SIGN_IDENTITY = "iPhone Developer";
				COPY_PHASE_STRIP = NO;
				DEBUG_INFORMATION_FORMAT = "dwarf-with-dsym";
				ENABLE_NS_ASSERTIONS = NO;
				ENABLE_STRICT_OBJC_MSGSEND = YES;
				GCC_C_LANGUAGE_STANDARD = gnu11;
				GCC_NO_COMMON_BLOCKS = YES;
				GCC_WARN_64_TO_32_BIT_CONVERSION = YES;
				GCC_WARN_ABOUT_RETURN_TYPE = YES_ERROR;
				GCC_WARN_UNDECLARED_SELECTOR = YES;
				GCC_WARN_UNINITIALIZED_AUTOS = YES_AGGRESSIVE;
				GCC_WARN_UNUSED_FUNCTION = YES;
				GCC_WARN_UNUSED_VARIABLE = YES;
				IPHONEOS_DEPLOYMENT_TARGET = 12.2;
				MTL_ENABLE_DEBUG_INFO = NO;
				MTL_FAST_MATH = YES;
				SDKROOT = iphoneos;
				SWIFT_COMPILATION_MODE = wholemodule;
				SWIFT_OPTIMIZATION_LEVEL = "-O";
				VALIDATE_PRODUCT = YES;
			};
			name = Release;
		};
/* End XCBuildConfiguration section */

/* Begin XCConfigurationList section */
		E7436AE724AFB9BF007C2939 /* Build configuration list for PBXNativeTarget "Evolution" */ = {
			isa = XCConfigurationList;
			buildConfigurations = (
				E7436AE824AFB9BF007C2939 /* Debug */,
				E7436AE924AFB9BF007C2939 /* Release */,
			);
			defaultConfigurationIsVisible = 0;
			defaultConfigurationName = Release;
		};
		E7436AF824AFBA05007C2939 /* Build configuration list for PBXNativeTarget "EvolutionTests" */ = {
			isa = XCConfigurationList;
			buildConfigurations = (
				E7436AF924AFBA05007C2939 /* Debug */,
				E7436AFA24AFBA05007C2939 /* Release */,
			);
			defaultConfigurationIsVisible = 0;
			defaultConfigurationName = Release;
		};
		E7DAF8F8227CD6B900FC0FD6 /* Build configuration list for PBXProject "Evolution" */ = {
			isa = XCConfigurationList;
			buildConfigurations = (
				E7DAF90F227CD6BB00FC0FD6 /* Debug */,
				E7DAF910227CD6BB00FC0FD6 /* Release */,
			);
			defaultConfigurationIsVisible = 0;
			defaultConfigurationName = Release;
		};
/* End XCConfigurationList section */
	};
	rootObject = E7DAF8F5227CD6B900FC0FD6 /* Project object */;
}
