// !$*UTF8*$!
{
	archiveVersion = 1;
	classes = {
	};
	objectVersion = 50;
	objects = {

/* Begin PBXBuildFile section */
		44A4D1DE3B4C10A8E447C2B1 /* Log.swift in Sources */ = {isa = PBXBuildFile; fileRef = 44A4DC398EA24A6E615BF666 /* Log.swift */; };
		44A4D1E12337D2B3D71358F7 /* AppDelegate.swift in Sources */ = {isa = PBXBuildFile; fileRef = 44A4D19C7DCBC1BBC0A9ED44 /* AppDelegate.swift */; };
		44A4D269140C4EC60CFECC23 /* AppAssembler.swift in Sources */ = {isa = PBXBuildFile; fileRef = 44A4D39C850D616870846BBE /* AppAssembler.swift */; };
		44A4D26C859F9A8F63325E64 /* World.swift in Sources */ = {isa = PBXBuildFile; fileRef = 44A4DB1FEF38AF85850BFAAA /* World.swift */; };
		44A4D284E25DE1F953C4ED42 /* ViewAssembler.swift in Sources */ = {isa = PBXBuildFile; fileRef = 44A4D82C6CD0AD9F587419A4 /* ViewAssembler.swift */; };
		44A4D2F4280665B95D29D76C /* Views.swift in Sources */ = {isa = PBXBuildFile; fileRef = 44A4DF14D74E201E7A9B6B6B /* Views.swift */; };
		44A4D3C85DD02472F2E8FC98 /* Random.swift in Sources */ = {isa = PBXBuildFile; fileRef = 44A4D888CB731C416B523EBF /* Random.swift */; };
		44A4D4CA915A2085F2543B8A /* Food.swift in Sources */ = {isa = PBXBuildFile; fileRef = 44A4D8D376FAD66C23FA190D /* Food.swift */; };
		44A4D52274AD3FD17BFF7A2C /* FoodNode.swift in Sources */ = {isa = PBXBuildFile; fileRef = 44A4DD78E8EED025529F6AF1 /* FoodNode.swift */; };
		44A4D643358AEBF27A1122BD /* SCNViewAssembler.swift in Sources */ = {isa = PBXBuildFile; fileRef = 44A4DDA40322D9E64AE453F8 /* SCNViewAssembler.swift */; };
		44A4D77A4A8C190F152EE5E3 /* EntityNode.swift in Sources */ = {isa = PBXBuildFile; fileRef = 44A4D6215296EA45968B93BC /* EntityNode.swift */; };
		44A4D793BF8A56C3DFD541BB /* WorldAssembler.swift in Sources */ = {isa = PBXBuildFile; fileRef = 44A4D218CD7EBA306711E8B4 /* WorldAssembler.swift */; };
		44A4D880B591F00F8099942F /* Trait.swift in Sources */ = {isa = PBXBuildFile; fileRef = 44A4DDCB464FF18717758A3F /* Trait.swift */; };
		44A4D9A9EBA5AC3DE4D6C1F8 /* ControlsViewController.swift in Sources */ = {isa = PBXBuildFile; fileRef = 44A4D4E6BA4B958DC72C01A5 /* ControlsViewController.swift */; };
		44A4D9BAD52F14FE343B610F /* AppViewController.swift in Sources */ = {isa = PBXBuildFile; fileRef = 44A4DA436F2FB5B7AD47DE44 /* AppViewController.swift */; };
		44A4DC4A2AE587F4EB799B15 /* Assets.xcassets in Resources */ = {isa = PBXBuildFile; fileRef = 44A4DBD871FD64D3BB1356CA /* Assets.xcassets */; };
		44A4DDA6DC3ECAA9361CEB50 /* SquareWorld.swift in Sources */ = {isa = PBXBuildFile; fileRef = 44A4DCB7FC36D2C9B03ECB2A /* SquareWorld.swift */; };
		44A4DE2AA0501761140156BE /* Entity.swift in Sources */ = {isa = PBXBuildFile; fileRef = 44A4D9C35C13CCE76972E9D0 /* Entity.swift */; };
		44A4DE49B3E906455D3A0F07 /* SCNViewController.swift in Sources */ = {isa = PBXBuildFile; fileRef = 44A4DB1959EDCD4FAA3E002D /* SCNViewController.swift */; };
		44A4DE71EABFEDC936FC2D40 /* ControlsViewAssembler.swift in Sources */ = {isa = PBXBuildFile; fileRef = 44A4D2F8FD03E8CC59369393 /* ControlsViewAssembler.swift */; };
		44A4DF0CF5F39F340F4A5CC6 /* LaunchScreen.storyboard in Resources */ = {isa = PBXBuildFile; fileRef = 44A4D904716267409B398C4E /* LaunchScreen.storyboard */; };
		44A4DF71D889C5D5AFA1CAA2 /* SquareWorldAssembler.swift in Sources */ = {isa = PBXBuildFile; fileRef = 44A4D25882990D15648E66CA /* SquareWorldAssembler.swift */; };
		4BF16EA143F45DD17E6459D5 /* Pods_Evolution.framework in Frameworks */ = {isa = PBXBuildFile; fileRef = CFA3620CBCAF8A08BC039171 /* Pods_Evolution.framework */; };
		DCCBC75E30A2F2E3CDC8D318 /* libPods-EvolutionTests.a in Frameworks */ = {isa = PBXBuildFile; fileRef = 9D1B18C843940C5960FA93DF /* libPods-EvolutionTests.a */; };
		E70F7B582280BCC900DEB73B /* EvolutionTests.swift in Sources */ = {isa = PBXBuildFile; fileRef = E70F7B572280BCC900DEB73B /* EvolutionTests.swift */; };
		E76A8FCE227E2E8200EEE94F /* Assets.scnassets in Resources */ = {isa = PBXBuildFile; fileRef = E76A8FCD227E2E8200EEE94F /* Assets.scnassets */; };
/* End PBXBuildFile section */

/* Begin PBXContainerItemProxy section */
		E70F7B5A2280BCC900DEB73B /* PBXContainerItemProxy */ = {
			isa = PBXContainerItemProxy;
			containerPortal = E7DAF8F5227CD6B900FC0FD6 /* Project object */;
			proxyType = 1;
			remoteGlobalIDString = E7DAF8FC227CD6B900FC0FD6;
			remoteInfo = Evolution;
		};
/* End PBXContainerItemProxy section */

/* Begin PBXFileReference section */
		0BD0F854CC784748996CE9AD /* Pods-EvolutionTests.debug.xcconfig */ = {isa = PBXFileReference; includeInIndex = 1; lastKnownFileType = text.xcconfig; name = "Pods-EvolutionTests.debug.xcconfig"; path = "Target Support Files/Pods-EvolutionTests/Pods-EvolutionTests.debug.xcconfig"; sourceTree = "<group>"; };
		44A4D19C7DCBC1BBC0A9ED44 /* AppDelegate.swift */ = {isa = PBXFileReference; fileEncoding = 4; lastKnownFileType = sourcecode.swift; path = AppDelegate.swift; sourceTree = "<group>"; };
		44A4D218CD7EBA306711E8B4 /* WorldAssembler.swift */ = {isa = PBXFileReference; fileEncoding = 4; lastKnownFileType = sourcecode.swift; path = WorldAssembler.swift; sourceTree = "<group>"; };
		44A4D25882990D15648E66CA /* SquareWorldAssembler.swift */ = {isa = PBXFileReference; fileEncoding = 4; lastKnownFileType = sourcecode.swift; path = SquareWorldAssembler.swift; sourceTree = "<group>"; };
		44A4D2F8FD03E8CC59369393 /* ControlsViewAssembler.swift */ = {isa = PBXFileReference; fileEncoding = 4; lastKnownFileType = sourcecode.swift; path = ControlsViewAssembler.swift; sourceTree = "<group>"; };
		44A4D39C850D616870846BBE /* AppAssembler.swift */ = {isa = PBXFileReference; fileEncoding = 4; lastKnownFileType = sourcecode.swift; path = AppAssembler.swift; sourceTree = "<group>"; };
		44A4D4E6BA4B958DC72C01A5 /* ControlsViewController.swift */ = {isa = PBXFileReference; fileEncoding = 4; lastKnownFileType = sourcecode.swift; path = ControlsViewController.swift; sourceTree = "<group>"; };
		44A4D6215296EA45968B93BC /* EntityNode.swift */ = {isa = PBXFileReference; fileEncoding = 4; lastKnownFileType = sourcecode.swift; path = EntityNode.swift; sourceTree = "<group>"; };
		44A4D82C6CD0AD9F587419A4 /* ViewAssembler.swift */ = {isa = PBXFileReference; fileEncoding = 4; lastKnownFileType = sourcecode.swift; path = ViewAssembler.swift; sourceTree = "<group>"; };
		44A4D888CB731C416B523EBF /* Random.swift */ = {isa = PBXFileReference; fileEncoding = 4; lastKnownFileType = sourcecode.swift; path = Random.swift; sourceTree = "<group>"; };
		44A4D8D376FAD66C23FA190D /* Food.swift */ = {isa = PBXFileReference; fileEncoding = 4; lastKnownFileType = sourcecode.swift; path = Food.swift; sourceTree = "<group>"; };
		44A4D904716267409B398C4E /* LaunchScreen.storyboard */ = {isa = PBXFileReference; lastKnownFileType = file.storyboard; path = LaunchScreen.storyboard; sourceTree = "<group>"; };
		44A4D9C35C13CCE76972E9D0 /* Entity.swift */ = {isa = PBXFileReference; fileEncoding = 4; lastKnownFileType = sourcecode.swift; path = Entity.swift; sourceTree = "<group>"; };
		44A4DA436F2FB5B7AD47DE44 /* AppViewController.swift */ = {isa = PBXFileReference; fileEncoding = 4; lastKnownFileType = sourcecode.swift; path = AppViewController.swift; sourceTree = "<group>"; };
		44A4DB1959EDCD4FAA3E002D /* SCNViewController.swift */ = {isa = PBXFileReference; fileEncoding = 4; lastKnownFileType = sourcecode.swift; path = SCNViewController.swift; sourceTree = "<group>"; };
		44A4DB1FEF38AF85850BFAAA /* World.swift */ = {isa = PBXFileReference; fileEncoding = 4; lastKnownFileType = sourcecode.swift; path = World.swift; sourceTree = "<group>"; };
		44A4DBD871FD64D3BB1356CA /* Assets.xcassets */ = {isa = PBXFileReference; lastKnownFileType = folder.assetcatalog; path = Assets.xcassets; sourceTree = "<group>"; };
		44A4DC398EA24A6E615BF666 /* Log.swift */ = {isa = PBXFileReference; fileEncoding = 4; lastKnownFileType = sourcecode.swift; path = Log.swift; sourceTree = "<group>"; };
		44A4DCB7FC36D2C9B03ECB2A /* SquareWorld.swift */ = {isa = PBXFileReference; fileEncoding = 4; lastKnownFileType = sourcecode.swift; path = SquareWorld.swift; sourceTree = "<group>"; };
		44A4DD78E8EED025529F6AF1 /* FoodNode.swift */ = {isa = PBXFileReference; fileEncoding = 4; lastKnownFileType = sourcecode.swift; path = FoodNode.swift; sourceTree = "<group>"; };
		44A4DDA40322D9E64AE453F8 /* SCNViewAssembler.swift */ = {isa = PBXFileReference; fileEncoding = 4; lastKnownFileType = sourcecode.swift; path = SCNViewAssembler.swift; sourceTree = "<group>"; };
		44A4DDCB464FF18717758A3F /* Trait.swift */ = {isa = PBXFileReference; fileEncoding = 4; lastKnownFileType = sourcecode.swift; path = Trait.swift; sourceTree = "<group>"; };
		44A4DF14D74E201E7A9B6B6B /* Views.swift */ = {isa = PBXFileReference; fileEncoding = 4; lastKnownFileType = sourcecode.swift; path = Views.swift; sourceTree = "<group>"; };
		70E650E8863C4A3133291069 /* Pods-Evolution.release.xcconfig */ = {isa = PBXFileReference; includeInIndex = 1; lastKnownFileType = text.xcconfig; name = "Pods-Evolution.release.xcconfig"; path = "Target Support Files/Pods-Evolution/Pods-Evolution.release.xcconfig"; sourceTree = "<group>"; };
		9D1B18C843940C5960FA93DF /* libPods-EvolutionTests.a */ = {isa = PBXFileReference; explicitFileType = archive.ar; includeInIndex = 0; path = "libPods-EvolutionTests.a"; sourceTree = BUILT_PRODUCTS_DIR; };
		CC2F4F7CA3F02A1636C40F78 /* Pods-Evolution.debug.xcconfig */ = {isa = PBXFileReference; includeInIndex = 1; lastKnownFileType = text.xcconfig; name = "Pods-Evolution.debug.xcconfig"; path = "Target Support Files/Pods-Evolution/Pods-Evolution.debug.xcconfig"; sourceTree = "<group>"; };
		CFA3620CBCAF8A08BC039171 /* Pods_Evolution.framework */ = {isa = PBXFileReference; explicitFileType = wrapper.framework; includeInIndex = 0; path = Pods_Evolution.framework; sourceTree = BUILT_PRODUCTS_DIR; };
		D437A6D0645B8821274305DE /* Pods-EvolutionTests.release.xcconfig */ = {isa = PBXFileReference; includeInIndex = 1; lastKnownFileType = text.xcconfig; name = "Pods-EvolutionTests.release.xcconfig"; path = "Target Support Files/Pods-EvolutionTests/Pods-EvolutionTests.release.xcconfig"; sourceTree = "<group>"; };
		E70F7B552280BCC900DEB73B /* EvolutionTests.xctest */ = {isa = PBXFileReference; explicitFileType = wrapper.cfbundle; includeInIndex = 0; path = EvolutionTests.xctest; sourceTree = BUILT_PRODUCTS_DIR; };
		E70F7B572280BCC900DEB73B /* EvolutionTests.swift */ = {isa = PBXFileReference; lastKnownFileType = sourcecode.swift; path = EvolutionTests.swift; sourceTree = "<group>"; };
		E70F7B592280BCC900DEB73B /* Info.plist */ = {isa = PBXFileReference; lastKnownFileType = text.plist.xml; path = Info.plist; sourceTree = "<group>"; };
		E76A8FCD227E2E8200EEE94F /* Assets.scnassets */ = {isa = PBXFileReference; lastKnownFileType = wrapper.scnassets; path = Assets.scnassets; sourceTree = "<group>"; };
		E7DAF8FD227CD6B900FC0FD6 /* Evolution.app */ = {isa = PBXFileReference; explicitFileType = wrapper.application; includeInIndex = 0; path = Evolution.app; sourceTree = BUILT_PRODUCTS_DIR; };
		E7DAF90E227CD6BB00FC0FD6 /* Info.plist */ = {isa = PBXFileReference; lastKnownFileType = text.plist.xml; path = Info.plist; sourceTree = "<group>"; };
/* End PBXFileReference section */

/* Begin PBXFrameworksBuildPhase section */
		E70F7B522280BCC900DEB73B /* Frameworks */ = {
			isa = PBXFrameworksBuildPhase;
			buildActionMask = 2147483647;
			files = (
				DCCBC75E30A2F2E3CDC8D318 /* libPods-EvolutionTests.a in Frameworks */,
			);
			runOnlyForDeploymentPostprocessing = 0;
		};
		E7DAF8FA227CD6B900FC0FD6 /* Frameworks */ = {
			isa = PBXFrameworksBuildPhase;
			buildActionMask = 2147483647;
			files = (
				4BF16EA143F45DD17E6459D5 /* Pods_Evolution.framework in Frameworks */,
			);
			runOnlyForDeploymentPostprocessing = 0;
		};
/* End PBXFrameworksBuildPhase section */

/* Begin PBXGroup section */
		420687093BA9593BFEE32857 /* Pods */ = {
			isa = PBXGroup;
			children = (
				CC2F4F7CA3F02A1636C40F78 /* Pods-Evolution.debug.xcconfig */,
				70E650E8863C4A3133291069 /* Pods-Evolution.release.xcconfig */,
				0BD0F854CC784748996CE9AD /* Pods-EvolutionTests.debug.xcconfig */,
				D437A6D0645B8821274305DE /* Pods-EvolutionTests.release.xcconfig */,
			);
			path = Pods;
			sourceTree = "<group>";
		};
		44A4D4CCB1261A65FB35A826 /* Model */ = {
			isa = PBXGroup;
			children = (
				44A4D9C35C13CCE76972E9D0 /* Entity.swift */,
				44A4DB1FEF38AF85850BFAAA /* World.swift */,
				44A4DDCB464FF18717758A3F /* Trait.swift */,
				44A4D218CD7EBA306711E8B4 /* WorldAssembler.swift */,
				44A4DCA0E87E96EC25DF8E2D /* SquareWorld */,
				44A4D8D376FAD66C23FA190D /* Food.swift */,
			);
			path = Model;
			sourceTree = "<group>";
		};
		44A4D728A9C3BB4994FA90DE /* SceneKit */ = {
			isa = PBXGroup;
			children = (
				E76A8FCD227E2E8200EEE94F /* Assets.scnassets */,
				44A4DB1959EDCD4FAA3E002D /* SCNViewController.swift */,
				44A4DDA40322D9E64AE453F8 /* SCNViewAssembler.swift */,
				44A4D96400D51BB499FFC57D /* Nodes */,
			);
			path = SceneKit;
			sourceTree = "<group>";
		};
		44A4D7CDED17FFC045145ED4 /* Controls */ = {
			isa = PBXGroup;
			children = (
				44A4D2F8FD03E8CC59369393 /* ControlsViewAssembler.swift */,
				44A4D4E6BA4B958DC72C01A5 /* ControlsViewController.swift */,
			);
			path = Controls;
			sourceTree = "<group>";
		};
		44A4D96400D51BB499FFC57D /* Nodes */ = {
			isa = PBXGroup;
			children = (
				44A4D6215296EA45968B93BC /* EntityNode.swift */,
				44A4DD78E8EED025529F6AF1 /* FoodNode.swift */,
			);
			path = Nodes;
			sourceTree = "<group>";
		};
		44A4DA0C5A274AEED710DCDA /* View */ = {
			isa = PBXGroup;
			children = (
				44A4D82C6CD0AD9F587419A4 /* ViewAssembler.swift */,
				44A4D728A9C3BB4994FA90DE /* SceneKit */,
				44A4D7CDED17FFC045145ED4 /* Controls */,
				44A4DF14D74E201E7A9B6B6B /* Views.swift */,
			);
			path = View;
			sourceTree = "<group>";
		};
		44A4DB436E6401064F3EF123 /* Assets */ = {
			isa = PBXGroup;
			children = (
				44A4DBD871FD64D3BB1356CA /* Assets.xcassets */,
				44A4D904716267409B398C4E /* LaunchScreen.storyboard */,
			);
			path = Assets;
			sourceTree = "<group>";
		};
		44A4DCA0E87E96EC25DF8E2D /* SquareWorld */ = {
			isa = PBXGroup;
			children = (
				44A4D25882990D15648E66CA /* SquareWorldAssembler.swift */,
				44A4DCB7FC36D2C9B03ECB2A /* SquareWorld.swift */,
			);
			path = SquareWorld;
			sourceTree = "<group>";
		};
		44A4DD38EB88F377BA9FA8BF /* Util */ = {
			isa = PBXGroup;
			children = (
				44A4DC398EA24A6E615BF666 /* Log.swift */,
				44A4D888CB731C416B523EBF /* Random.swift */,
			);
			path = Util;
			sourceTree = "<group>";
		};
		44A4DE830464B6797A131EB6 /* App */ = {
			isa = PBXGroup;
			children = (
				44A4D19C7DCBC1BBC0A9ED44 /* AppDelegate.swift */,
				44A4DA436F2FB5B7AD47DE44 /* AppViewController.swift */,
				44A4D39C850D616870846BBE /* AppAssembler.swift */,
			);
			path = App;
			sourceTree = "<group>";
		};
		DECA47F573ABC1AF8529D844 /* Frameworks */ = {
			isa = PBXGroup;
			children = (
				CFA3620CBCAF8A08BC039171 /* Pods_Evolution.framework */,
				9D1B18C843940C5960FA93DF /* libPods-EvolutionTests.a */,
			);
			name = Frameworks;
			sourceTree = "<group>";
		};
		E70F7B562280BCC900DEB73B /* EvolutionTests */ = {
			isa = PBXGroup;
			children = (
				E70F7B572280BCC900DEB73B /* EvolutionTests.swift */,
				E70F7B592280BCC900DEB73B /* Info.plist */,
			);
			path = EvolutionTests;
			sourceTree = "<group>";
		};
		E7DAF8F4227CD6B900FC0FD6 = {
			isa = PBXGroup;
			children = (
				E7DAF8FF227CD6B900FC0FD6 /* Evolution */,
				E70F7B562280BCC900DEB73B /* EvolutionTests */,
				E7DAF8FE227CD6B900FC0FD6 /* Products */,
				420687093BA9593BFEE32857 /* Pods */,
				DECA47F573ABC1AF8529D844 /* Frameworks */,
			);
			sourceTree = "<group>";
			wrapsLines = 0;
		};
		E7DAF8FE227CD6B900FC0FD6 /* Products */ = {
			isa = PBXGroup;
			children = (
				E7DAF8FD227CD6B900FC0FD6 /* Evolution.app */,
				E70F7B552280BCC900DEB73B /* EvolutionTests.xctest */,
			);
			name = Products;
			sourceTree = "<group>";
		};
		E7DAF8FF227CD6B900FC0FD6 /* Evolution */ = {
			isa = PBXGroup;
			children = (
				E7DAF90E227CD6BB00FC0FD6 /* Info.plist */,
				44A4D4CCB1261A65FB35A826 /* Model */,
				44A4DA0C5A274AEED710DCDA /* View */,
				44A4DE830464B6797A131EB6 /* App */,
				44A4DB436E6401064F3EF123 /* Assets */,
				44A4DD38EB88F377BA9FA8BF /* Util */,
			);
			path = Evolution;
			sourceTree = "<group>";
		};
/* End PBXGroup section */

/* Begin PBXNativeTarget section */
		E70F7B542280BCC900DEB73B /* EvolutionTests */ = {
			isa = PBXNativeTarget;
			buildConfigurationList = E70F7B5E2280BCC900DEB73B /* Build configuration list for PBXNativeTarget "EvolutionTests" */;
			buildPhases = (
				2CF19738480EAFA21668FEA8 /* [CP] Check Pods Manifest.lock */,
				E70F7B512280BCC900DEB73B /* Sources */,
				E70F7B522280BCC900DEB73B /* Frameworks */,
				E70F7B532280BCC900DEB73B /* Resources */,
			);
			buildRules = (
			);
			dependencies = (
				E70F7B5B2280BCC900DEB73B /* PBXTargetDependency */,
			);
			name = EvolutionTests;
			productName = EvolutionTests;
			productReference = E70F7B552280BCC900DEB73B /* EvolutionTests.xctest */;
			productType = "com.apple.product-type.bundle.unit-test";
		};
		E7DAF8FC227CD6B900FC0FD6 /* Evolution */ = {
			isa = PBXNativeTarget;
			buildConfigurationList = E7DAF911227CD6BB00FC0FD6 /* Build configuration list for PBXNativeTarget "Evolution" */;
			buildPhases = (
				342C3B4AD26C399E43D976EE /* [CP] Check Pods Manifest.lock */,
				E7DAF8F9227CD6B900FC0FD6 /* Sources */,
				E7DAF8FA227CD6B900FC0FD6 /* Frameworks */,
				E7DAF8FB227CD6B900FC0FD6 /* Resources */,
				862966F8ED1DFDE1D7397479 /* [CP] Embed Pods Frameworks */,
			);
			buildRules = (
			);
			dependencies = (
			);
			name = Evolution;
			productName = Evolution;
			productReference = E7DAF8FD227CD6B900FC0FD6 /* Evolution.app */;
			productType = "com.apple.product-type.application";
		};
/* End PBXNativeTarget section */

/* Begin PBXProject section */
		E7DAF8F5227CD6B900FC0FD6 /* Project object */ = {
			isa = PBXProject;
			attributes = {
				LastSwiftUpdateCheck = 1020;
				LastUpgradeCheck = 1020;
				ORGANIZATIONNAME = Nomad5;
				TargetAttributes = {
					E70F7B542280BCC900DEB73B = {
						CreatedOnToolsVersion = 10.2.1;
						TestTargetID = E7DAF8FC227CD6B900FC0FD6;
					};
					E7DAF8FC227CD6B900FC0FD6 = {
						CreatedOnToolsVersion = 10.2.1;
					};
				};
			};
			buildConfigurationList = E7DAF8F8227CD6B900FC0FD6 /* Build configuration list for PBXProject "Evolution" */;
			compatibilityVersion = "Xcode 9.3";
			developmentRegion = en;
			hasScannedForEncodings = 0;
			knownRegions = (
				en,
				Base,
			);
			mainGroup = E7DAF8F4227CD6B900FC0FD6;
			productRefGroup = E7DAF8FE227CD6B900FC0FD6 /* Products */;
			projectDirPath = "";
			projectRoot = "";
			targets = (
				E7DAF8FC227CD6B900FC0FD6 /* Evolution */,
				E70F7B542280BCC900DEB73B /* EvolutionTests */,
			);
		};
/* End PBXProject section */

/* Begin PBXResourcesBuildPhase section */
		E70F7B532280BCC900DEB73B /* Resources */ = {
			isa = PBXResourcesBuildPhase;
			buildActionMask = 2147483647;
			files = (
			);
			runOnlyForDeploymentPostprocessing = 0;
		};
		E7DAF8FB227CD6B900FC0FD6 /* Resources */ = {
			isa = PBXResourcesBuildPhase;
			buildActionMask = 2147483647;
			files = (
				E76A8FCE227E2E8200EEE94F /* Assets.scnassets in Resources */,
				44A4DC4A2AE587F4EB799B15 /* Assets.xcassets in Resources */,
				44A4DF0CF5F39F340F4A5CC6 /* LaunchScreen.storyboard in Resources */,
			);
			runOnlyForDeploymentPostprocessing = 0;
		};
/* End PBXResourcesBuildPhase section */

/* Begin PBXShellScriptBuildPhase section */
		2CF19738480EAFA21668FEA8 /* [CP] Check Pods Manifest.lock */ = {
			isa = PBXShellScriptBuildPhase;
			buildActionMask = 2147483647;
			files = (
			);
			inputFileListPaths = (
			);
			inputPaths = (
				"${PODS_PODFILE_DIR_PATH}/Podfile.lock",
				"${PODS_ROOT}/Manifest.lock",
			);
			name = "[CP] Check Pods Manifest.lock";
			outputFileListPaths = (
			);
			outputPaths = (
				"$(DERIVED_FILE_DIR)/Pods-EvolutionTests-checkManifestLockResult.txt",
			);
			runOnlyForDeploymentPostprocessing = 0;
			shellPath = /bin/sh;
			shellScript = "diff \"${PODS_PODFILE_DIR_PATH}/Podfile.lock\" \"${PODS_ROOT}/Manifest.lock\" > /dev/null\nif [ $? != 0 ] ; then\n    # print error to STDERR\n    echo \"error: The sandbox is not in sync with the Podfile.lock. Run 'pod install' or update your CocoaPods installation.\" >&2\n    exit 1\nfi\n# This output is used by Xcode 'outputs' to avoid re-running this script phase.\necho \"SUCCESS\" > \"${SCRIPT_OUTPUT_FILE_0}\"\n";
			showEnvVarsInLog = 0;
		};
		342C3B4AD26C399E43D976EE /* [CP] Check Pods Manifest.lock */ = {
			isa = PBXShellScriptBuildPhase;
			buildActionMask = 2147483647;
			files = (
			);
			inputFileListPaths = (
			);
			inputPaths = (
				"${PODS_PODFILE_DIR_PATH}/Podfile.lock",
				"${PODS_ROOT}/Manifest.lock",
			);
			name = "[CP] Check Pods Manifest.lock";
			outputFileListPaths = (
			);
			outputPaths = (
				"$(DERIVED_FILE_DIR)/Pods-Evolution-checkManifestLockResult.txt",
			);
			runOnlyForDeploymentPostprocessing = 0;
			shellPath = /bin/sh;
			shellScript = "diff \"${PODS_PODFILE_DIR_PATH}/Podfile.lock\" \"${PODS_ROOT}/Manifest.lock\" > /dev/null\nif [ $? != 0 ] ; then\n    # print error to STDERR\n    echo \"error: The sandbox is not in sync with the Podfile.lock. Run 'pod install' or update your CocoaPods installation.\" >&2\n    exit 1\nfi\n# This output is used by Xcode 'outputs' to avoid re-running this script phase.\necho \"SUCCESS\" > \"${SCRIPT_OUTPUT_FILE_0}\"\n";
			showEnvVarsInLog = 0;
		};
		862966F8ED1DFDE1D7397479 /* [CP] Embed Pods Frameworks */ = {
			isa = PBXShellScriptBuildPhase;
			buildActionMask = 2147483647;
			files = (
			);
			inputFileListPaths = (
			);
			inputPaths = (
				"${PODS_ROOT}/Target Support Files/Pods-Evolution/Pods-Evolution-frameworks.sh",
				"${BUILT_PRODUCTS_DIR}/RxCocoa/RxCocoa.framework",
				"${BUILT_PRODUCTS_DIR}/RxRelay/RxRelay.framework",
				"${BUILT_PRODUCTS_DIR}/RxSwift-framework/RxSwift.framework",
				"${BUILT_PRODUCTS_DIR}/SnapKit/SnapKit.framework",
			);
			name = "[CP] Embed Pods Frameworks";
			outputFileListPaths = (
			);
			outputPaths = (
				"${TARGET_BUILD_DIR}/${FRAMEWORKS_FOLDER_PATH}/RxCocoa.framework",
				"${TARGET_BUILD_DIR}/${FRAMEWORKS_FOLDER_PATH}/RxRelay.framework",
				"${TARGET_BUILD_DIR}/${FRAMEWORKS_FOLDER_PATH}/RxSwift.framework",
				"${TARGET_BUILD_DIR}/${FRAMEWORKS_FOLDER_PATH}/SnapKit.framework",
			);
			runOnlyForDeploymentPostprocessing = 0;
			shellPath = /bin/sh;
			shellScript = "\"${PODS_ROOT}/Target Support Files/Pods-Evolution/Pods-Evolution-frameworks.sh\"\n";
			showEnvVarsInLog = 0;
		};
/* End PBXShellScriptBuildPhase section */

/* Begin PBXSourcesBuildPhase section */
		E70F7B512280BCC900DEB73B /* Sources */ = {
			isa = PBXSourcesBuildPhase;
			buildActionMask = 2147483647;
			files = (
				E70F7B582280BCC900DEB73B /* EvolutionTests.swift in Sources */,
			);
			runOnlyForDeploymentPostprocessing = 0;
		};
		E7DAF8F9227CD6B900FC0FD6 /* Sources */ = {
			isa = PBXSourcesBuildPhase;
			buildActionMask = 2147483647;
			files = (
				44A4DE2AA0501761140156BE /* Entity.swift in Sources */,
				44A4D1E12337D2B3D71358F7 /* AppDelegate.swift in Sources */,
				44A4D9BAD52F14FE343B610F /* AppViewController.swift in Sources */,
				44A4D269140C4EC60CFECC23 /* AppAssembler.swift in Sources */,
				44A4D284E25DE1F953C4ED42 /* ViewAssembler.swift in Sources */,
				44A4DE49B3E906455D3A0F07 /* SCNViewController.swift in Sources */,
				44A4D643358AEBF27A1122BD /* SCNViewAssembler.swift in Sources */,
				44A4DE71EABFEDC936FC2D40 /* ControlsViewAssembler.swift in Sources */,
				44A4D9A9EBA5AC3DE4D6C1F8 /* ControlsViewController.swift in Sources */,
				44A4D26C859F9A8F63325E64 /* World.swift in Sources */,
				44A4D880B591F00F8099942F /* Trait.swift in Sources */,
				44A4D1DE3B4C10A8E447C2B1 /* Log.swift in Sources */,
				44A4D3C85DD02472F2E8FC98 /* Random.swift in Sources */,
				44A4D793BF8A56C3DFD541BB /* WorldAssembler.swift in Sources */,
				44A4DF71D889C5D5AFA1CAA2 /* SquareWorldAssembler.swift in Sources */,
				44A4DDA6DC3ECAA9361CEB50 /* SquareWorld.swift in Sources */,
				44A4D2F4280665B95D29D76C /* Views.swift in Sources */,
				44A4D4CA915A2085F2543B8A /* Food.swift in Sources */,
				44A4D77A4A8C190F152EE5E3 /* EntityNode.swift in Sources */,
				44A4D52274AD3FD17BFF7A2C /* FoodNode.swift in Sources */,
			);
			runOnlyForDeploymentPostprocessing = 0;
		};
/* End PBXSourcesBuildPhase section */

/* Begin PBXTargetDependency section */
		E70F7B5B2280BCC900DEB73B /* PBXTargetDependency */ = {
			isa = PBXTargetDependency;
			target = E7DAF8FC227CD6B900FC0FD6 /* Evolution */;
			targetProxy = E70F7B5A2280BCC900DEB73B /* PBXContainerItemProxy */;
		};
/* End PBXTargetDependency section */

/* Begin XCBuildConfiguration section */
		E70F7B5C2280BCC900DEB73B /* Debug */ = {
			isa = XCBuildConfiguration;
			baseConfigurationReference = 0BD0F854CC784748996CE9AD /* Pods-EvolutionTests.debug.xcconfig */;
			buildSettings = {
				BUNDLE_LOADER = "$(TEST_HOST)";
				CODE_SIGN_STYLE = Automatic;
				DEVELOPMENT_TEAM = E4H6XCERNK;
				INFOPLIST_FILE = EvolutionTests/Info.plist;
				LD_RUNPATH_SEARCH_PATHS = (
					"$(inherited)",
					"@executable_path/Frameworks",
					"@loader_path/Frameworks",
				);
				PRODUCT_BUNDLE_IDENTIFIER = com.nomad5.EvolutionTests;
				PRODUCT_NAME = "$(TARGET_NAME)";
				SWIFT_VERSION = 5.0;
				TARGETED_DEVICE_FAMILY = "1,2";
				TEST_HOST = "$(BUILT_PRODUCTS_DIR)/Evolution.app/Evolution";
			};
			name = Debug;
		};
		E70F7B5D2280BCC900DEB73B /* Release */ = {
			isa = XCBuildConfiguration;
			baseConfigurationReference = D437A6D0645B8821274305DE /* Pods-EvolutionTests.release.xcconfig */;
			buildSettings = {
				BUNDLE_LOADER = "$(TEST_HOST)";
				CODE_SIGN_STYLE = Automatic;
				DEVELOPMENT_TEAM = E4H6XCERNK;
				INFOPLIST_FILE = EvolutionTests/Info.plist;
				LD_RUNPATH_SEARCH_PATHS = (
					"$(inherited)",
					"@executable_path/Frameworks",
					"@loader_path/Frameworks",
				);
				PRODUCT_BUNDLE_IDENTIFIER = com.nomad5.EvolutionTests;
				PRODUCT_NAME = "$(TARGET_NAME)";
				SWIFT_VERSION = 5.0;
				TARGETED_DEVICE_FAMILY = "1,2";
				TEST_HOST = "$(BUILT_PRODUCTS_DIR)/Evolution.app/Evolution";
			};
			name = Release;
		};
		E7DAF90F227CD6BB00FC0FD6 /* Debug */ = {
			isa = XCBuildConfiguration;
			buildSettings = {
				ALWAYS_SEARCH_USER_PATHS = NO;
				CLANG_ANALYZER_NONNULL = YES;
				CLANG_ANALYZER_NUMBER_OBJECT_CONVERSION = YES_AGGRESSIVE;
				CLANG_CXX_LANGUAGE_STANDARD = "gnu++14";
				CLANG_CXX_LIBRARY = "libc++";
				CLANG_ENABLE_MODULES = YES;
				CLANG_ENABLE_OBJC_ARC = YES;
				CLANG_ENABLE_OBJC_WEAK = YES;
				CLANG_WARN_BLOCK_CAPTURE_AUTORELEASING = YES;
				CLANG_WARN_BOOL_CONVERSION = YES;
				CLANG_WARN_COMMA = YES;
				CLANG_WARN_CONSTANT_CONVERSION = YES;
				CLANG_WARN_DEPRECATED_OBJC_IMPLEMENTATIONS = YES;
				CLANG_WARN_DIRECT_OBJC_ISA_USAGE = YES_ERROR;
				CLANG_WARN_DOCUMENTATION_COMMENTS = YES;
				CLANG_WARN_EMPTY_BODY = YES;
				CLANG_WARN_ENUM_CONVERSION = YES;
				CLANG_WARN_INFINITE_RECURSION = YES;
				CLANG_WARN_INT_CONVERSION = YES;
				CLANG_WARN_NON_LITERAL_NULL_CONVERSION = YES;
				CLANG_WARN_OBJC_IMPLICIT_RETAIN_SELF = YES;
				CLANG_WARN_OBJC_LITERAL_CONVERSION = YES;
				CLANG_WARN_OBJC_ROOT_CLASS = YES_ERROR;
				CLANG_WARN_RANGE_LOOP_ANALYSIS = YES;
				CLANG_WARN_STRICT_PROTOTYPES = YES;
				CLANG_WARN_SUSPICIOUS_MOVE = YES;
				CLANG_WARN_UNGUARDED_AVAILABILITY = YES_AGGRESSIVE;
				CLANG_WARN_UNREACHABLE_CODE = YES;
				CLANG_WARN__DUPLICATE_METHOD_MATCH = YES;
				CODE_SIGN_IDENTITY = "iPhone Developer";
				COPY_PHASE_STRIP = NO;
				DEBUG_INFORMATION_FORMAT = dwarf;
				ENABLE_STRICT_OBJC_MSGSEND = YES;
				ENABLE_TESTABILITY = YES;
				GCC_C_LANGUAGE_STANDARD = gnu11;
				GCC_DYNAMIC_NO_PIC = NO;
				GCC_NO_COMMON_BLOCKS = YES;
				GCC_OPTIMIZATION_LEVEL = 0;
				GCC_PREPROCESSOR_DEFINITIONS = (
					"DEBUG=1",
					"$(inherited)",
				);
				GCC_WARN_64_TO_32_BIT_CONVERSION = YES;
				GCC_WARN_ABOUT_RETURN_TYPE = YES_ERROR;
				GCC_WARN_UNDECLARED_SELECTOR = YES;
				GCC_WARN_UNINITIALIZED_AUTOS = YES_AGGRESSIVE;
				GCC_WARN_UNUSED_FUNCTION = YES;
				GCC_WARN_UNUSED_VARIABLE = YES;
				IPHONEOS_DEPLOYMENT_TARGET = 12.2;
				MTL_ENABLE_DEBUG_INFO = INCLUDE_SOURCE;
				MTL_FAST_MATH = YES;
				ONLY_ACTIVE_ARCH = YES;
				SDKROOT = iphoneos;
				SWIFT_ACTIVE_COMPILATION_CONDITIONS = DEBUG;
				SWIFT_OPTIMIZATION_LEVEL = "-Onone";
			};
			name = Debug;
		};
		E7DAF910227CD6BB00FC0FD6 /* Release */ = {
			isa = XCBuildConfiguration;
			buildSettings = {
				ALWAYS_SEARCH_USER_PATHS = NO;
				CLANG_ANALYZER_NONNULL = YES;
				CLANG_ANALYZER_NUMBER_OBJECT_CONVERSION = YES_AGGRESSIVE;
				CLANG_CXX_LANGUAGE_STANDARD = "gnu++14";
				CLANG_CXX_LIBRARY = "libc++";
				CLANG_ENABLE_MODULES = YES;
				CLANG_ENABLE_OBJC_ARC = YES;
				CLANG_ENABLE_OBJC_WEAK = YES;
				CLANG_WARN_BLOCK_CAPTURE_AUTORELEASING = YES;
				CLANG_WARN_BOOL_CONVERSION = YES;
				CLANG_WARN_COMMA = YES;
				CLANG_WARN_CONSTANT_CONVERSION = YES;
				CLANG_WARN_DEPRECATED_OBJC_IMPLEMENTATIONS = YES;
				CLANG_WARN_DIRECT_OBJC_ISA_USAGE = YES_ERROR;
				CLANG_WARN_DOCUMENTATION_COMMENTS = YES;
				CLANG_WARN_EMPTY_BODY = YES;
				CLANG_WARN_ENUM_CONVERSION = YES;
				CLANG_WARN_INFINITE_RECURSION = YES;
				CLANG_WARN_INT_CONVERSION = YES;
				CLANG_WARN_NON_LITERAL_NULL_CONVERSION = YES;
				CLANG_WARN_OBJC_IMPLICIT_RETAIN_SELF = YES;
				CLANG_WARN_OBJC_LITERAL_CONVERSION = YES;
				CLANG_WARN_OBJC_ROOT_CLASS = YES_ERROR;
				CLANG_WARN_RANGE_LOOP_ANALYSIS = YES;
				CLANG_WARN_STRICT_PROTOTYPES = YES;
				CLANG_WARN_SUSPICIOUS_MOVE = YES;
				CLANG_WARN_UNGUARDED_AVAILABILITY = YES_AGGRESSIVE;
				CLANG_WARN_UNREACHABLE_CODE = YES;
				CLANG_WARN__DUPLICATE_METHOD_MATCH = YES;
				CODE_SIGN_IDENTITY = "iPhone Developer";
				COPY_PHASE_STRIP = NO;
				DEBUG_INFORMATION_FORMAT = "dwarf-with-dsym";
				ENABLE_NS_ASSERTIONS = NO;
				ENABLE_STRICT_OBJC_MSGSEND = YES;
				GCC_C_LANGUAGE_STANDARD = gnu11;
				GCC_NO_COMMON_BLOCKS = YES;
				GCC_WARN_64_TO_32_BIT_CONVERSION = YES;
				GCC_WARN_ABOUT_RETURN_TYPE = YES_ERROR;
				GCC_WARN_UNDECLARED_SELECTOR = YES;
				GCC_WARN_UNINITIALIZED_AUTOS = YES_AGGRESSIVE;
				GCC_WARN_UNUSED_FUNCTION = YES;
				GCC_WARN_UNUSED_VARIABLE = YES;
				IPHONEOS_DEPLOYMENT_TARGET = 12.2;
				MTL_ENABLE_DEBUG_INFO = NO;
				MTL_FAST_MATH = YES;
				SDKROOT = iphoneos;
				SWIFT_COMPILATION_MODE = wholemodule;
				SWIFT_OPTIMIZATION_LEVEL = "-O";
				VALIDATE_PRODUCT = YES;
			};
			name = Release;
		};
		E7DAF912227CD6BB00FC0FD6 /* Debug */ = {
			isa = XCBuildConfiguration;
			baseConfigurationReference = CC2F4F7CA3F02A1636C40F78 /* Pods-Evolution.debug.xcconfig */;
			buildSettings = {
				ASSETCATALOG_COMPILER_APPICON_NAME = AppIcon;
				CODE_SIGN_STYLE = Automatic;
				DEVELOPMENT_TEAM = E4H6XCERNK;
				INFOPLIST_FILE = Evolution/Info.plist;
				LD_RUNPATH_SEARCH_PATHS = (
					"$(inherited)",
					"@executable_path/Frameworks",
				);
				PRODUCT_BUNDLE_IDENTIFIER = com.nomad5.Evolution;
				PRODUCT_NAME = "$(TARGET_NAME)";
				SWIFT_VERSION = 5.0;
				TARGETED_DEVICE_FAMILY = "1,2";
			};
			name = Debug;
		};
		E7DAF913227CD6BB00FC0FD6 /* Release */ = {
			isa = XCBuildConfiguration;
			baseConfigurationReference = 70E650E8863C4A3133291069 /* Pods-Evolution.release.xcconfig */;
			buildSettings = {
				ASSETCATALOG_COMPILER_APPICON_NAME = AppIcon;
				CODE_SIGN_STYLE = Automatic;
				DEVELOPMENT_TEAM = E4H6XCERNK;
				INFOPLIST_FILE = Evolution/Info.plist;
				LD_RUNPATH_SEARCH_PATHS = (
					"$(inherited)",
					"@executable_path/Frameworks",
				);
				PRODUCT_BUNDLE_IDENTIFIER = com.nomad5.Evolution;
				PRODUCT_NAME = "$(TARGET_NAME)";
				SWIFT_VERSION = 5.0;
				TARGETED_DEVICE_FAMILY = "1,2";
			};
			name = Release;
		};
/* End XCBuildConfiguration section */

/* Begin XCConfigurationList section */
		E70F7B5E2280BCC900DEB73B /* Build configuration list for PBXNativeTarget "EvolutionTests" */ = {
			isa = XCConfigurationList;
			buildConfigurations = (
				E70F7B5C2280BCC900DEB73B /* Debug */,
				E70F7B5D2280BCC900DEB73B /* Release */,
			);
			defaultConfigurationIsVisible = 0;
			defaultConfigurationName = Release;
		};
		E7DAF8F8227CD6B900FC0FD6 /* Build configuration list for PBXProject "Evolution" */ = {
			isa = XCConfigurationList;
			buildConfigurations = (
				E7DAF90F227CD6BB00FC0FD6 /* Debug */,
				E7DAF910227CD6BB00FC0FD6 /* Release */,
			);
			defaultConfigurationIsVisible = 0;
			defaultConfigurationName = Release;
		};
		E7DAF911227CD6BB00FC0FD6 /* Build configuration list for PBXNativeTarget "Evolution" */ = {
			isa = XCConfigurationList;
			buildConfigurations = (
				E7DAF912227CD6BB00FC0FD6 /* Debug */,
				E7DAF913227CD6BB00FC0FD6 /* Release */,
			);
			defaultConfigurationIsVisible = 0;
			defaultConfigurationName = Release;
		};
/* End XCConfigurationList section */
	};
	rootObject = E7DAF8F5227CD6B900FC0FD6 /* Project object */;
}
