// !$*UTF8*$!
{
	archiveVersion = 1;
	classes = {
	};
	objectVersion = 51;
	objects = {

/* Begin PBXBuildFile section */
		44A4D10D89741CF8AAD8D832 /* AppAssembler.swift in Sources */ = {isa = PBXBuildFile; fileRef = 44A4D9ADC9C57E3B64AFE5BE /* AppAssembler.swift */; };
		44A4D2889CE4922DD089591B /* SceneDelegate.swift in Sources */ = {isa = PBXBuildFile; fileRef = 44A4D58D1F00E98014548DCD /* SceneDelegate.swift */; };
		44A4DAEB61CDB52B3FC13A7A /* AppDelegate.swift in Sources */ = {isa = PBXBuildFile; fileRef = 44A4DA553B4E4990F5CBF277 /* AppDelegate.swift */; };
		44A4DE294681A3CB9F5957DA /* AppView.swift in Sources */ = {isa = PBXBuildFile; fileRef = 44A4D46736D2D5C1D0499314 /* AppView.swift */; };
		5603120FDE3B0D250F9E36FF /* libPods-EvolutionTests.a in Frameworks */ = {isa = PBXBuildFile; fileRef = 81B42C08BDFD7A41D3E97F7A /* libPods-EvolutionTests.a */; };
		D571CCBA0E5DD5A61D2BE6C9 /* Pods_Evolution.framework in Frameworks */ = {isa = PBXBuildFile; fileRef = CDD6D585C4EDEE0713274876 /* Pods_Evolution.framework */; };
		E740F7FE24902303006F700A /* AppControllerAssembler.swift in Sources */ = {isa = PBXBuildFile; fileRef = E740F7FD24902303006F700A /* AppControllerAssembler.swift */; };
		E740F80024902320006F700A /* CommonTypes.swift in Sources */ = {isa = PBXBuildFile; fileRef = E740F7FF24902320006F700A /* CommonTypes.swift */; };
		E740F80224902327006F700A /* AppController.swift in Sources */ = {isa = PBXBuildFile; fileRef = E740F80124902327006F700A /* AppController.swift */; };
		E740F80A2490235B006F700A /* VectorMath.swift in Sources */ = {isa = PBXBuildFile; fileRef = E740F8062490235B006F700A /* VectorMath.swift */; };
		E740F80B2490235B006F700A /* VectorMath+MapKit.swift in Sources */ = {isa = PBXBuildFile; fileRef = E740F8072490235B006F700A /* VectorMath+MapKit.swift */; };
		E740F80C2490235B006F700A /* VectorMath+Quartz.swift in Sources */ = {isa = PBXBuildFile; fileRef = E740F8082490235B006F700A /* VectorMath+Quartz.swift */; };
		E740F80D2490235B006F700A /* VectorMath+SceneKit.swift in Sources */ = {isa = PBXBuildFile; fileRef = E740F8092490235B006F700A /* VectorMath+SceneKit.swift */; };
		E740F80F24902611006F700A /* SceneKitView.swift in Sources */ = {isa = PBXBuildFile; fileRef = E740F80E24902611006F700A /* SceneKitView.swift */; };
		E75671EE249021C90044BEFE /* PlainAssembler.swift in Sources */ = {isa = PBXBuildFile; fileRef = E75671E4249021C90044BEFE /* PlainAssembler.swift */; };
		E75671EF249021C90044BEFE /* PlainController.swift in Sources */ = {isa = PBXBuildFile; fileRef = E75671E5249021C90044BEFE /* PlainController.swift */; };
		E75671F0249021C90044BEFE /* EntityNode.swift in Sources */ = {isa = PBXBuildFile; fileRef = E75671E8249021C90044BEFE /* EntityNode.swift */; };
		E75671F1249021C90044BEFE /* FoodNode.swift in Sources */ = {isa = PBXBuildFile; fileRef = E75671E9249021C90044BEFE /* FoodNode.swift */; };
		E75671F2249021C90044BEFE /* Assets.scnassets in Resources */ = {isa = PBXBuildFile; fileRef = E75671EA249021C90044BEFE /* Assets.scnassets */; };
		E75671F3249021C90044BEFE /* SceneKitController.swift in Sources */ = {isa = PBXBuildFile; fileRef = E75671EB249021C90044BEFE /* SceneKitController.swift */; };
		E75671F4249021C90044BEFE /* SceneKitAssembler.swift in Sources */ = {isa = PBXBuildFile; fileRef = E75671EC249021C90044BEFE /* SceneKitAssembler.swift */; };
		E75671F5249021C90044BEFE /* ViewAssembler.swift in Sources */ = {isa = PBXBuildFile; fileRef = E75671ED249021C90044BEFE /* ViewAssembler.swift */; };
		E75671F9249021D70044BEFE /* Random.swift in Sources */ = {isa = PBXBuildFile; fileRef = E75671F7249021D70044BEFE /* Random.swift */; };
		E75671FA249021D70044BEFE /* Log.swift in Sources */ = {isa = PBXBuildFile; fileRef = E75671F8249021D70044BEFE /* Log.swift */; };
		E7567203249021DF0044BEFE /* Entity.swift in Sources */ = {isa = PBXBuildFile; fileRef = E75671FC249021DF0044BEFE /* Entity.swift */; };
		E7567204249021DF0044BEFE /* SquareWorldAssembler.swift in Sources */ = {isa = PBXBuildFile; fileRef = E75671FE249021DF0044BEFE /* SquareWorldAssembler.swift */; };
		E7567205249021DF0044BEFE /* SquareWorld.swift in Sources */ = {isa = PBXBuildFile; fileRef = E75671FF249021DF0044BEFE /* SquareWorld.swift */; };
		E7567206249021DF0044BEFE /* WorldAssembler.swift in Sources */ = {isa = PBXBuildFile; fileRef = E7567200249021DF0044BEFE /* WorldAssembler.swift */; };
		E7567207249021DF0044BEFE /* Food.swift in Sources */ = {isa = PBXBuildFile; fileRef = E7567201249021DF0044BEFE /* Food.swift */; };
		E7567208249021DF0044BEFE /* World.swift in Sources */ = {isa = PBXBuildFile; fileRef = E7567202249021DF0044BEFE /* World.swift */; };
		E765339A24901D680091056B /* Assets.xcassets in Resources */ = {isa = PBXBuildFile; fileRef = E765339924901D680091056B /* Assets.xcassets */; };
		E765339D24901D680091056B /* Preview Assets.xcassets in Resources */ = {isa = PBXBuildFile; fileRef = E765339C24901D680091056B /* Preview Assets.xcassets */; };
		E76533A024901D680091056B /* LaunchScreen.storyboard in Resources */ = {isa = PBXBuildFile; fileRef = E765339E24901D680091056B /* LaunchScreen.storyboard */; };
		E76533AB24901D680091056B /* EvolutionTests.swift in Sources */ = {isa = PBXBuildFile; fileRef = E76533AA24901D680091056B /* EvolutionTests.swift */; };
/* End PBXBuildFile section */

/* Begin PBXContainerItemProxy section */
		E76533A724901D680091056B /* PBXContainerItemProxy */ = {
			isa = PBXContainerItemProxy;
			containerPortal = E765338824901D670091056B /* Project object */;
			proxyType = 1;
			remoteGlobalIDString = E765338F24901D670091056B;
			remoteInfo = Evolution;
		};
/* End PBXContainerItemProxy section */

/* Begin PBXFileReference section */
		0B6DB73927E25385CB511E5B /* Pods-EvolutionTests.release.xcconfig */ = {isa = PBXFileReference; includeInIndex = 1; lastKnownFileType = text.xcconfig; name = "Pods-EvolutionTests.release.xcconfig"; path = "Target Support Files/Pods-EvolutionTests/Pods-EvolutionTests.release.xcconfig"; sourceTree = "<group>"; };
		2606E3EA93679CA9887EE817 /* Pods-EvolutionTests.debug.xcconfig */ = {isa = PBXFileReference; includeInIndex = 1; lastKnownFileType = text.xcconfig; name = "Pods-EvolutionTests.debug.xcconfig"; path = "Target Support Files/Pods-EvolutionTests/Pods-EvolutionTests.debug.xcconfig"; sourceTree = "<group>"; };
		44A4D46736D2D5C1D0499314 /* AppView.swift */ = {isa = PBXFileReference; fileEncoding = 4; lastKnownFileType = sourcecode.swift; path = AppView.swift; sourceTree = "<group>"; };
		44A4D58D1F00E98014548DCD /* SceneDelegate.swift */ = {isa = PBXFileReference; fileEncoding = 4; lastKnownFileType = sourcecode.swift; path = SceneDelegate.swift; sourceTree = "<group>"; };
		44A4D9ADC9C57E3B64AFE5BE /* AppAssembler.swift */ = {isa = PBXFileReference; fileEncoding = 4; lastKnownFileType = sourcecode.swift; path = AppAssembler.swift; sourceTree = "<group>"; };
		44A4DA553B4E4990F5CBF277 /* AppDelegate.swift */ = {isa = PBXFileReference; fileEncoding = 4; lastKnownFileType = sourcecode.swift; path = AppDelegate.swift; sourceTree = "<group>"; };
		81B42C08BDFD7A41D3E97F7A /* libPods-EvolutionTests.a */ = {isa = PBXFileReference; explicitFileType = archive.ar; includeInIndex = 0; path = "libPods-EvolutionTests.a"; sourceTree = BUILT_PRODUCTS_DIR; };
		8D984570BE2AABF6F64643D5 /* Pods-Evolution.release.xcconfig */ = {isa = PBXFileReference; includeInIndex = 1; lastKnownFileType = text.xcconfig; name = "Pods-Evolution.release.xcconfig"; path = "Target Support Files/Pods-Evolution/Pods-Evolution.release.xcconfig"; sourceTree = "<group>"; };
		CDD6D585C4EDEE0713274876 /* Pods_Evolution.framework */ = {isa = PBXFileReference; explicitFileType = wrapper.framework; includeInIndex = 0; path = Pods_Evolution.framework; sourceTree = BUILT_PRODUCTS_DIR; };
		E740F7FD24902303006F700A /* AppControllerAssembler.swift */ = {isa = PBXFileReference; fileEncoding = 4; lastKnownFileType = sourcecode.swift; path = AppControllerAssembler.swift; sourceTree = "<group>"; };
		E740F7FF24902320006F700A /* CommonTypes.swift */ = {isa = PBXFileReference; fileEncoding = 4; lastKnownFileType = sourcecode.swift; path = CommonTypes.swift; sourceTree = "<group>"; };
		E740F80124902327006F700A /* AppController.swift */ = {isa = PBXFileReference; fileEncoding = 4; lastKnownFileType = sourcecode.swift; path = AppController.swift; sourceTree = "<group>"; };
		E740F8062490235B006F700A /* VectorMath.swift */ = {isa = PBXFileReference; fileEncoding = 4; lastKnownFileType = sourcecode.swift; path = VectorMath.swift; sourceTree = "<group>"; };
		E740F8072490235B006F700A /* VectorMath+MapKit.swift */ = {isa = PBXFileReference; fileEncoding = 4; lastKnownFileType = sourcecode.swift; path = "VectorMath+MapKit.swift"; sourceTree = "<group>"; };
		E740F8082490235B006F700A /* VectorMath+Quartz.swift */ = {isa = PBXFileReference; fileEncoding = 4; lastKnownFileType = sourcecode.swift; path = "VectorMath+Quartz.swift"; sourceTree = "<group>"; };
		E740F8092490235B006F700A /* VectorMath+SceneKit.swift */ = {isa = PBXFileReference; fileEncoding = 4; lastKnownFileType = sourcecode.swift; path = "VectorMath+SceneKit.swift"; sourceTree = "<group>"; };
		E740F80E24902611006F700A /* SceneKitView.swift */ = {isa = PBXFileReference; lastKnownFileType = sourcecode.swift; path = SceneKitView.swift; sourceTree = "<group>"; };
		E75671E4249021C90044BEFE /* PlainAssembler.swift */ = {isa = PBXFileReference; fileEncoding = 4; lastKnownFileType = sourcecode.swift; path = PlainAssembler.swift; sourceTree = "<group>"; };
		E75671E5249021C90044BEFE /* PlainController.swift */ = {isa = PBXFileReference; fileEncoding = 4; lastKnownFileType = sourcecode.swift; path = PlainController.swift; sourceTree = "<group>"; };
		E75671E8249021C90044BEFE /* EntityNode.swift */ = {isa = PBXFileReference; fileEncoding = 4; lastKnownFileType = sourcecode.swift; path = EntityNode.swift; sourceTree = "<group>"; };
		E75671E9249021C90044BEFE /* FoodNode.swift */ = {isa = PBXFileReference; fileEncoding = 4; lastKnownFileType = sourcecode.swift; path = FoodNode.swift; sourceTree = "<group>"; };
		E75671EA249021C90044BEFE /* Assets.scnassets */ = {isa = PBXFileReference; lastKnownFileType = wrapper.scnassets; path = Assets.scnassets; sourceTree = "<group>"; };
		E75671EB249021C90044BEFE /* SceneKitController.swift */ = {isa = PBXFileReference; fileEncoding = 4; lastKnownFileType = sourcecode.swift; path = SceneKitController.swift; sourceTree = "<group>"; };
		E75671EC249021C90044BEFE /* SceneKitAssembler.swift */ = {isa = PBXFileReference; fileEncoding = 4; lastKnownFileType = sourcecode.swift; path = SceneKitAssembler.swift; sourceTree = "<group>"; };
		E75671ED249021C90044BEFE /* ViewAssembler.swift */ = {isa = PBXFileReference; fileEncoding = 4; lastKnownFileType = sourcecode.swift; path = ViewAssembler.swift; sourceTree = "<group>"; };
		E75671F7249021D70044BEFE /* Random.swift */ = {isa = PBXFileReference; fileEncoding = 4; lastKnownFileType = sourcecode.swift; path = Random.swift; sourceTree = "<group>"; };
		E75671F8249021D70044BEFE /* Log.swift */ = {isa = PBXFileReference; fileEncoding = 4; lastKnownFileType = sourcecode.swift; path = Log.swift; sourceTree = "<group>"; };
		E75671FC249021DF0044BEFE /* Entity.swift */ = {isa = PBXFileReference; fileEncoding = 4; lastKnownFileType = sourcecode.swift; path = Entity.swift; sourceTree = "<group>"; };
		E75671FE249021DF0044BEFE /* SquareWorldAssembler.swift */ = {isa = PBXFileReference; fileEncoding = 4; lastKnownFileType = sourcecode.swift; path = SquareWorldAssembler.swift; sourceTree = "<group>"; };
		E75671FF249021DF0044BEFE /* SquareWorld.swift */ = {isa = PBXFileReference; fileEncoding = 4; lastKnownFileType = sourcecode.swift; path = SquareWorld.swift; sourceTree = "<group>"; };
		E7567200249021DF0044BEFE /* WorldAssembler.swift */ = {isa = PBXFileReference; fileEncoding = 4; lastKnownFileType = sourcecode.swift; path = WorldAssembler.swift; sourceTree = "<group>"; };
		E7567201249021DF0044BEFE /* Food.swift */ = {isa = PBXFileReference; fileEncoding = 4; lastKnownFileType = sourcecode.swift; path = Food.swift; sourceTree = "<group>"; };
		E7567202249021DF0044BEFE /* World.swift */ = {isa = PBXFileReference; fileEncoding = 4; lastKnownFileType = sourcecode.swift; path = World.swift; sourceTree = "<group>"; };
		E765339024901D670091056B /* Evolution.app */ = {isa = PBXFileReference; explicitFileType = wrapper.application; includeInIndex = 0; path = Evolution.app; sourceTree = BUILT_PRODUCTS_DIR; };
		E765339924901D680091056B /* Assets.xcassets */ = {isa = PBXFileReference; lastKnownFileType = folder.assetcatalog; path = Assets.xcassets; sourceTree = "<group>"; };
		E765339C24901D680091056B /* Preview Assets.xcassets */ = {isa = PBXFileReference; lastKnownFileType = folder.assetcatalog; path = "Preview Assets.xcassets"; sourceTree = "<group>"; };
		E765339F24901D680091056B /* Base */ = {isa = PBXFileReference; lastKnownFileType = file.storyboard; name = Base; path = Base.lproj/LaunchScreen.storyboard; sourceTree = "<group>"; };
		E76533A124901D680091056B /* Info.plist */ = {isa = PBXFileReference; lastKnownFileType = text.plist.xml; path = Info.plist; sourceTree = "<group>"; };
		E76533A624901D680091056B /* EvolutionTests.xctest */ = {isa = PBXFileReference; explicitFileType = wrapper.cfbundle; includeInIndex = 0; path = EvolutionTests.xctest; sourceTree = BUILT_PRODUCTS_DIR; };
		E76533AA24901D680091056B /* EvolutionTests.swift */ = {isa = PBXFileReference; lastKnownFileType = sourcecode.swift; path = EvolutionTests.swift; sourceTree = "<group>"; };
		E76533AC24901D680091056B /* Info.plist */ = {isa = PBXFileReference; lastKnownFileType = text.plist.xml; path = Info.plist; sourceTree = "<group>"; };
		E76533B524901D780091056B /* Evolution.entitlements */ = {isa = PBXFileReference; lastKnownFileType = text.plist.entitlements; path = Evolution.entitlements; sourceTree = "<group>"; };
		FA9EAB0F328934C6D6DC1BED /* Pods-Evolution.debug.xcconfig */ = {isa = PBXFileReference; includeInIndex = 1; lastKnownFileType = text.xcconfig; name = "Pods-Evolution.debug.xcconfig"; path = "Target Support Files/Pods-Evolution/Pods-Evolution.debug.xcconfig"; sourceTree = "<group>"; };
/* End PBXFileReference section */

/* Begin PBXFrameworksBuildPhase section */
		E765338D24901D670091056B /* Frameworks */ = {
			isa = PBXFrameworksBuildPhase;
			buildActionMask = 2147483647;
			files = (
				D571CCBA0E5DD5A61D2BE6C9 /* Pods_Evolution.framework in Frameworks */,
			);
			runOnlyForDeploymentPostprocessing = 0;
		};
		E76533A324901D680091056B /* Frameworks */ = {
			isa = PBXFrameworksBuildPhase;
			buildActionMask = 2147483647;
			files = (
				5603120FDE3B0D250F9E36FF /* libPods-EvolutionTests.a in Frameworks */,
			);
			runOnlyForDeploymentPostprocessing = 0;
		};
/* End PBXFrameworksBuildPhase section */

/* Begin PBXGroup section */
		44844234439793325310E16A /* Pods */ = {
			isa = PBXGroup;
			children = (
				2606E3EA93679CA9887EE817 /* Pods-EvolutionTests.debug.xcconfig */,
				0B6DB73927E25385CB511E5B /* Pods-EvolutionTests.release.xcconfig */,
				FA9EAB0F328934C6D6DC1BED /* Pods-Evolution.debug.xcconfig */,
				8D984570BE2AABF6F64643D5 /* Pods-Evolution.release.xcconfig */,
			);
			path = Pods;
			sourceTree = "<group>";
		};
		44A4D8A1F38D774EEDEB168A /* App */ = {
			isa = PBXGroup;
			children = (
				44A4DA553B4E4990F5CBF277 /* AppDelegate.swift */,
				44A4D46736D2D5C1D0499314 /* AppView.swift */,
				44A4D58D1F00E98014548DCD /* SceneDelegate.swift */,
				44A4D9ADC9C57E3B64AFE5BE /* AppAssembler.swift */,
			);
			path = App;
			sourceTree = "<group>";
		};
		7AA20C278A3100E27A4DBCBF /* Frameworks */ = {
			isa = PBXGroup;
			children = (
				81B42C08BDFD7A41D3E97F7A /* libPods-EvolutionTests.a */,
				CDD6D585C4EDEE0713274876 /* Pods_Evolution.framework */,
			);
			name = Frameworks;
			sourceTree = "<group>";
		};
		E740F8052490235B006F700A /* VectorMath */ = {
			isa = PBXGroup;
			children = (
				E740F8062490235B006F700A /* VectorMath.swift */,
				E740F8072490235B006F700A /* VectorMath+MapKit.swift */,
				E740F8082490235B006F700A /* VectorMath+Quartz.swift */,
				E740F8092490235B006F700A /* VectorMath+SceneKit.swift */,
			);
			name = VectorMath;
			path = Submodules/VectorMath/VectorMath;
			sourceTree = SOURCE_ROOT;
		};
		E75671E2249021C90044BEFE /* View */ = {
			isa = PBXGroup;
			children = (
				E75671E3249021C90044BEFE /* Plain */,
				E75671E6249021C90044BEFE /* SceneKit */,
				E75671ED249021C90044BEFE /* ViewAssembler.swift */,
			);
			path = View;
			sourceTree = "<group>";
		};
		E75671E3249021C90044BEFE /* Plain */ = {
			isa = PBXGroup;
			children = (
				E75671E4249021C90044BEFE /* PlainAssembler.swift */,
				E75671E5249021C90044BEFE /* PlainController.swift */,
			);
			path = Plain;
			sourceTree = "<group>";
		};
		E75671E6249021C90044BEFE /* SceneKit */ = {
			isa = PBXGroup;
			children = (
				E75671E7249021C90044BEFE /* Nodes */,
				E75671EA249021C90044BEFE /* Assets.scnassets */,
				E75671EB249021C90044BEFE /* SceneKitController.swift */,
				E75671EC249021C90044BEFE /* SceneKitAssembler.swift */,
			);
			path = SceneKit;
			sourceTree = "<group>";
		};
		E75671E7249021C90044BEFE /* Nodes */ = {
			isa = PBXGroup;
			children = (
				E75671E8249021C90044BEFE /* EntityNode.swift */,
				E75671E9249021C90044BEFE /* FoodNode.swift */,
			);
			path = Nodes;
			sourceTree = "<group>";
		};
		E75671F6249021D70044BEFE /* Util */ = {
			isa = PBXGroup;
			children = (
				E75671F7249021D70044BEFE /* Random.swift */,
				E75671F8249021D70044BEFE /* Log.swift */,
			);
			path = Util;
			sourceTree = "<group>";
		};
		E75671FB249021DF0044BEFE /* Model */ = {
			isa = PBXGroup;
			children = (
				E75671FC249021DF0044BEFE /* Entity.swift */,
				E75671FD249021DF0044BEFE /* SquareWorld */,
				E7567200249021DF0044BEFE /* WorldAssembler.swift */,
				E7567201249021DF0044BEFE /* Food.swift */,
				E7567202249021DF0044BEFE /* World.swift */,
			);
			path = Model;
			sourceTree = "<group>";
		};
		E75671FD249021DF0044BEFE /* SquareWorld */ = {
			isa = PBXGroup;
			children = (
				E75671FE249021DF0044BEFE /* SquareWorldAssembler.swift */,
				E75671FF249021DF0044BEFE /* SquareWorld.swift */,
			);
			path = SquareWorld;
			sourceTree = "<group>";
		};
		E765338724901D670091056B = {
			isa = PBXGroup;
			children = (
				E765339224901D670091056B /* Evolution */,
				E76533A924901D680091056B /* EvolutionTests */,
				E765339124901D670091056B /* Products */,
				44844234439793325310E16A /* Pods */,
				7AA20C278A3100E27A4DBCBF /* Frameworks */,
			);
			sourceTree = "<group>";
			wrapsLines = 0;
		};
		E765339124901D670091056B /* Products */ = {
			isa = PBXGroup;
			children = (
				E765339024901D670091056B /* Evolution.app */,
				E76533A624901D680091056B /* EvolutionTests.xctest */,
			);
			name = Products;
			sourceTree = "<group>";
		};
		E765339224901D670091056B /* Evolution */ = {
			isa = PBXGroup;
			children = (
				E76533B524901D780091056B /* Evolution.entitlements */,
				E740F80E24902611006F700A /* SceneKitView.swift */,
				E765339924901D680091056B /* Assets.xcassets */,
				E740F80124902327006F700A /* AppController.swift */,
				E740F7FD24902303006F700A /* AppControllerAssembler.swift */,
				E740F7FF24902320006F700A /* CommonTypes.swift */,
				E765339E24901D680091056B /* LaunchScreen.storyboard */,
				E76533A124901D680091056B /* Info.plist */,
				E740F8052490235B006F700A /* VectorMath */,
				E75671FB249021DF0044BEFE /* Model */,
				E75671F6249021D70044BEFE /* Util */,
				E75671E2249021C90044BEFE /* View */,
				E765339B24901D680091056B /* Preview Content */,
				44A4D8A1F38D774EEDEB168A /* App */,
			);
			path = Evolution;
			sourceTree = "<group>";
		};
		E765339B24901D680091056B /* Preview Content */ = {
			isa = PBXGroup;
			children = (
				E765339C24901D680091056B /* Preview Assets.xcassets */,
			);
			path = "Preview Content";
			sourceTree = "<group>";
		};
		E76533A924901D680091056B /* EvolutionTests */ = {
			isa = PBXGroup;
			children = (
				E76533AA24901D680091056B /* EvolutionTests.swift */,
				E76533AC24901D680091056B /* Info.plist */,
			);
			path = EvolutionTests;
			sourceTree = "<group>";
		};
/* End PBXGroup section */

/* Begin PBXNativeTarget section */
		E765338F24901D670091056B /* Evolution */ = {
			isa = PBXNativeTarget;
			buildConfigurationList = E76533AF24901D680091056B /* Build configuration list for PBXNativeTarget "Evolution" */;
			buildPhases = (
				2F07528D15E77039ED2C68EB /* [CP] Check Pods Manifest.lock */,
				E765338C24901D670091056B /* Sources */,
				E765338D24901D670091056B /* Frameworks */,
				E765338E24901D670091056B /* Resources */,
				B536BA47B34F896FC3975808 /* [CP] Embed Pods Frameworks */,
			);
			buildRules = (
			);
			dependencies = (
			);
			name = Evolution;
			productName = Evolution;
			productReference = E765339024901D670091056B /* Evolution.app */;
			productType = "com.apple.product-type.application";
		};
		E76533A524901D680091056B /* EvolutionTests */ = {
			isa = PBXNativeTarget;
			buildConfigurationList = E76533B224901D680091056B /* Build configuration list for PBXNativeTarget "EvolutionTests" */;
			buildPhases = (
				1E8F1BC7518EEA4811AA5EC5 /* [CP] Check Pods Manifest.lock */,
				E76533A224901D680091056B /* Sources */,
				E76533A324901D680091056B /* Frameworks */,
				E76533A424901D680091056B /* Resources */,
			);
			buildRules = (
			);
			dependencies = (
				E76533A824901D680091056B /* PBXTargetDependency */,
			);
			name = EvolutionTests;
			productName = EvolutionTests;
			productReference = E76533A624901D680091056B /* EvolutionTests.xctest */;
			productType = "com.apple.product-type.bundle.unit-test";
		};
/* End PBXNativeTarget section */

/* Begin PBXProject section */
		E765338824901D670091056B /* Project object */ = {
			isa = PBXProject;
			attributes = {
				LastSwiftUpdateCheck = 1150;
				LastUpgradeCheck = 1150;
				ORGANIZATIONNAME = "Martin Mlostek";
				TargetAttributes = {
					E765338F24901D670091056B = {
						CreatedOnToolsVersion = 11.5;
					};
					E76533A524901D680091056B = {
						CreatedOnToolsVersion = 11.5;
						TestTargetID = E765338F24901D670091056B;
					};
				};
			};
			buildConfigurationList = E765338B24901D670091056B /* Build configuration list for PBXProject "Evolution" */;
			compatibilityVersion = "Xcode 9.3";
			developmentRegion = en;
			hasScannedForEncodings = 0;
			knownRegions = (
				en,
				Base,
			);
			mainGroup = E765338724901D670091056B;
			productRefGroup = E765339124901D670091056B /* Products */;
			projectDirPath = "";
			projectRoot = "";
			targets = (
				E765338F24901D670091056B /* Evolution */,
				E76533A524901D680091056B /* EvolutionTests */,
			);
		};
/* End PBXProject section */

/* Begin PBXResourcesBuildPhase section */
		E765338E24901D670091056B /* Resources */ = {
			isa = PBXResourcesBuildPhase;
			buildActionMask = 2147483647;
			files = (
				E75671F2249021C90044BEFE /* Assets.scnassets in Resources */,
				E76533A024901D680091056B /* LaunchScreen.storyboard in Resources */,
				E765339D24901D680091056B /* Preview Assets.xcassets in Resources */,
				E765339A24901D680091056B /* Assets.xcassets in Resources */,
			);
			runOnlyForDeploymentPostprocessing = 0;
		};
		E76533A424901D680091056B /* Resources */ = {
			isa = PBXResourcesBuildPhase;
			buildActionMask = 2147483647;
			files = (
			);
			runOnlyForDeploymentPostprocessing = 0;
		};
/* End PBXResourcesBuildPhase section */

/* Begin PBXShellScriptBuildPhase section */
		1E8F1BC7518EEA4811AA5EC5 /* [CP] Check Pods Manifest.lock */ = {
			isa = PBXShellScriptBuildPhase;
			buildActionMask = 2147483647;
			files = (
			);
			inputFileListPaths = (
			);
			inputPaths = (
				"${PODS_PODFILE_DIR_PATH}/Podfile.lock",
				"${PODS_ROOT}/Manifest.lock",
			);
			name = "[CP] Check Pods Manifest.lock";
			outputFileListPaths = (
			);
			outputPaths = (
				"$(DERIVED_FILE_DIR)/Pods-EvolutionTests-checkManifestLockResult.txt",
			);
			runOnlyForDeploymentPostprocessing = 0;
			shellPath = /bin/sh;
			shellScript = "diff \"${PODS_PODFILE_DIR_PATH}/Podfile.lock\" \"${PODS_ROOT}/Manifest.lock\" > /dev/null\nif [ $? != 0 ] ; then\n    # print error to STDERR\n    echo \"error: The sandbox is not in sync with the Podfile.lock. Run 'pod install' or update your CocoaPods installation.\" >&2\n    exit 1\nfi\n# This output is used by Xcode 'outputs' to avoid re-running this script phase.\necho \"SUCCESS\" > \"${SCRIPT_OUTPUT_FILE_0}\"\n";
			showEnvVarsInLog = 0;
		};
		2F07528D15E77039ED2C68EB /* [CP] Check Pods Manifest.lock */ = {
			isa = PBXShellScriptBuildPhase;
			buildActionMask = 2147483647;
			files = (
			);
			inputFileListPaths = (
			);
			inputPaths = (
				"${PODS_PODFILE_DIR_PATH}/Podfile.lock",
				"${PODS_ROOT}/Manifest.lock",
			);
			name = "[CP] Check Pods Manifest.lock";
			outputFileListPaths = (
			);
			outputPaths = (
				"$(DERIVED_FILE_DIR)/Pods-Evolution-checkManifestLockResult.txt",
			);
			runOnlyForDeploymentPostprocessing = 0;
			shellPath = /bin/sh;
			shellScript = "diff \"${PODS_PODFILE_DIR_PATH}/Podfile.lock\" \"${PODS_ROOT}/Manifest.lock\" > /dev/null\nif [ $? != 0 ] ; then\n    # print error to STDERR\n    echo \"error: The sandbox is not in sync with the Podfile.lock. Run 'pod install' or update your CocoaPods installation.\" >&2\n    exit 1\nfi\n# This output is used by Xcode 'outputs' to avoid re-running this script phase.\necho \"SUCCESS\" > \"${SCRIPT_OUTPUT_FILE_0}\"\n";
			showEnvVarsInLog = 0;
		};
		B536BA47B34F896FC3975808 /* [CP] Embed Pods Frameworks */ = {
			isa = PBXShellScriptBuildPhase;
			buildActionMask = 2147483647;
			files = (
			);
			inputFileListPaths = (
				"${PODS_ROOT}/Target Support Files/Pods-Evolution/Pods-Evolution-frameworks-${CONFIGURATION}-input-files.xcfilelist",
			);
			name = "[CP] Embed Pods Frameworks";
			outputFileListPaths = (
				"${PODS_ROOT}/Target Support Files/Pods-Evolution/Pods-Evolution-frameworks-${CONFIGURATION}-output-files.xcfilelist",
			);
			runOnlyForDeploymentPostprocessing = 0;
			shellPath = /bin/sh;
			shellScript = "\"${PODS_ROOT}/Target Support Files/Pods-Evolution/Pods-Evolution-frameworks.sh\"\n";
			showEnvVarsInLog = 0;
		};
/* End PBXShellScriptBuildPhase section */

/* Begin PBXSourcesBuildPhase section */
		E765338C24901D670091056B /* Sources */ = {
			isa = PBXSourcesBuildPhase;
			buildActionMask = 2147483647;
			files = (
				E7567208249021DF0044BEFE /* World.swift in Sources */,
				E75671F4249021C90044BEFE /* SceneKitAssembler.swift in Sources */,
				E7567205249021DF0044BEFE /* SquareWorld.swift in Sources */,
				E75671FA249021D70044BEFE /* Log.swift in Sources */,
				E740F80224902327006F700A /* AppController.swift in Sources */,
				E75671EE249021C90044BEFE /* PlainAssembler.swift in Sources */,
				E7567206249021DF0044BEFE /* WorldAssembler.swift in Sources */,
				E740F80B2490235B006F700A /* VectorMath+MapKit.swift in Sources */,
				E740F80C2490235B006F700A /* VectorMath+Quartz.swift in Sources */,
				E740F80024902320006F700A /* CommonTypes.swift in Sources */,
				E75671F0249021C90044BEFE /* EntityNode.swift in Sources */,
				E75671F3249021C90044BEFE /* SceneKitController.swift in Sources */,
				E75671F5249021C90044BEFE /* ViewAssembler.swift in Sources */,
				E7567207249021DF0044BEFE /* Food.swift in Sources */,
				E75671EF249021C90044BEFE /* PlainController.swift in Sources */,
				E740F80D2490235B006F700A /* VectorMath+SceneKit.swift in Sources */,
				E740F7FE24902303006F700A /* AppControllerAssembler.swift in Sources */,
				E740F80F24902611006F700A /* SceneKitView.swift in Sources */,
				E7567204249021DF0044BEFE /* SquareWorldAssembler.swift in Sources */,
				E7567203249021DF0044BEFE /* Entity.swift in Sources */,
				E75671F1249021C90044BEFE /* FoodNode.swift in Sources */,
				E75671F9249021D70044BEFE /* Random.swift in Sources */,
				E740F80A2490235B006F700A /* VectorMath.swift in Sources */,
				44A4DAEB61CDB52B3FC13A7A /* AppDelegate.swift in Sources */,
				44A4DE294681A3CB9F5957DA /* AppView.swift in Sources */,
				44A4D2889CE4922DD089591B /* SceneDelegate.swift in Sources */,
				44A4D10D89741CF8AAD8D832 /* AppAssembler.swift in Sources */,
			);
			runOnlyForDeploymentPostprocessing = 0;
		};
		E76533A224901D680091056B /* Sources */ = {
			isa = PBXSourcesBuildPhase;
			buildActionMask = 2147483647;
			files = (
				E76533AB24901D680091056B /* EvolutionTests.swift in Sources */,
			);
			runOnlyForDeploymentPostprocessing = 0;
		};
/* End PBXSourcesBuildPhase section */

/* Begin PBXTargetDependency section */
		E76533A824901D680091056B /* PBXTargetDependency */ = {
			isa = PBXTargetDependency;
			target = E765338F24901D670091056B /* Evolution */;
			targetProxy = E76533A724901D680091056B /* PBXContainerItemProxy */;
		};
/* End PBXTargetDependency section */

/* Begin PBXVariantGroup section */
		E765339E24901D680091056B /* LaunchScreen.storyboard */ = {
			isa = PBXVariantGroup;
			children = (
				E765339F24901D680091056B /* Base */,
			);
			name = LaunchScreen.storyboard;
			sourceTree = "<group>";
		};
/* End PBXVariantGroup section */

/* Begin XCBuildConfiguration section */
		E76533AD24901D680091056B /* Debug */ = {
			isa = XCBuildConfiguration;
			buildSettings = {
				ALWAYS_SEARCH_USER_PATHS = NO;
				CLANG_ANALYZER_NONNULL = YES;
				CLANG_ANALYZER_NUMBER_OBJECT_CONVERSION = YES_AGGRESSIVE;
				CLANG_CXX_LANGUAGE_STANDARD = "gnu++14";
				CLANG_CXX_LIBRARY = "libc++";
				CLANG_ENABLE_MODULES = YES;
				CLANG_ENABLE_OBJC_ARC = YES;
				CLANG_ENABLE_OBJC_WEAK = YES;
				CLANG_WARN_BLOCK_CAPTURE_AUTORELEASING = YES;
				CLANG_WARN_BOOL_CONVERSION = YES;
				CLANG_WARN_COMMA = YES;
				CLANG_WARN_CONSTANT_CONVERSION = YES;
				CLANG_WARN_DEPRECATED_OBJC_IMPLEMENTATIONS = YES;
				CLANG_WARN_DIRECT_OBJC_ISA_USAGE = YES_ERROR;
				CLANG_WARN_DOCUMENTATION_COMMENTS = YES;
				CLANG_WARN_EMPTY_BODY = YES;
				CLANG_WARN_ENUM_CONVERSION = YES;
				CLANG_WARN_INFINITE_RECURSION = YES;
				CLANG_WARN_INT_CONVERSION = YES;
				CLANG_WARN_NON_LITERAL_NULL_CONVERSION = YES;
				CLANG_WARN_OBJC_IMPLICIT_RETAIN_SELF = YES;
				CLANG_WARN_OBJC_LITERAL_CONVERSION = YES;
				CLANG_WARN_OBJC_ROOT_CLASS = YES_ERROR;
				CLANG_WARN_RANGE_LOOP_ANALYSIS = YES;
				CLANG_WARN_STRICT_PROTOTYPES = YES;
				CLANG_WARN_SUSPICIOUS_MOVE = YES;
				CLANG_WARN_UNGUARDED_AVAILABILITY = YES_AGGRESSIVE;
				CLANG_WARN_UNREACHABLE_CODE = YES;
				CLANG_WARN__DUPLICATE_METHOD_MATCH = YES;
				COPY_PHASE_STRIP = NO;
				DEBUG_INFORMATION_FORMAT = dwarf;
				ENABLE_STRICT_OBJC_MSGSEND = YES;
				ENABLE_TESTABILITY = YES;
				GCC_C_LANGUAGE_STANDARD = gnu11;
				GCC_DYNAMIC_NO_PIC = NO;
				GCC_NO_COMMON_BLOCKS = YES;
				GCC_OPTIMIZATION_LEVEL = 0;
				GCC_PREPROCESSOR_DEFINITIONS = (
					"DEBUG=1",
					"$(inherited)",
				);
				GCC_WARN_64_TO_32_BIT_CONVERSION = YES;
				GCC_WARN_ABOUT_RETURN_TYPE = YES_ERROR;
				GCC_WARN_UNDECLARED_SELECTOR = YES;
				GCC_WARN_UNINITIALIZED_AUTOS = YES_AGGRESSIVE;
				GCC_WARN_UNUSED_FUNCTION = YES;
				GCC_WARN_UNUSED_VARIABLE = YES;
				IPHONEOS_DEPLOYMENT_TARGET = 13.5;
				MTL_ENABLE_DEBUG_INFO = INCLUDE_SOURCE;
				MTL_FAST_MATH = YES;
				ONLY_ACTIVE_ARCH = YES;
				SDKROOT = iphoneos;
				SWIFT_ACTIVE_COMPILATION_CONDITIONS = DEBUG;
				SWIFT_OPTIMIZATION_LEVEL = "-Onone";
			};
			name = Debug;
		};
		E76533AE24901D680091056B /* Release */ = {
			isa = XCBuildConfiguration;
			buildSettings = {
				ALWAYS_SEARCH_USER_PATHS = NO;
				CLANG_ANALYZER_NONNULL = YES;
				CLANG_ANALYZER_NUMBER_OBJECT_CONVERSION = YES_AGGRESSIVE;
				CLANG_CXX_LANGUAGE_STANDARD = "gnu++14";
				CLANG_CXX_LIBRARY = "libc++";
				CLANG_ENABLE_MODULES = YES;
				CLANG_ENABLE_OBJC_ARC = YES;
				CLANG_ENABLE_OBJC_WEAK = YES;
				CLANG_WARN_BLOCK_CAPTURE_AUTORELEASING = YES;
				CLANG_WARN_BOOL_CONVERSION = YES;
				CLANG_WARN_COMMA = YES;
				CLANG_WARN_CONSTANT_CONVERSION = YES;
				CLANG_WARN_DEPRECATED_OBJC_IMPLEMENTATIONS = YES;
				CLANG_WARN_DIRECT_OBJC_ISA_USAGE = YES_ERROR;
				CLANG_WARN_DOCUMENTATION_COMMENTS = YES;
				CLANG_WARN_EMPTY_BODY = YES;
				CLANG_WARN_ENUM_CONVERSION = YES;
				CLANG_WARN_INFINITE_RECURSION = YES;
				CLANG_WARN_INT_CONVERSION = YES;
				CLANG_WARN_NON_LITERAL_NULL_CONVERSION = YES;
				CLANG_WARN_OBJC_IMPLICIT_RETAIN_SELF = YES;
				CLANG_WARN_OBJC_LITERAL_CONVERSION = YES;
				CLANG_WARN_OBJC_ROOT_CLASS = YES_ERROR;
				CLANG_WARN_RANGE_LOOP_ANALYSIS = YES;
				CLANG_WARN_STRICT_PROTOTYPES = YES;
				CLANG_WARN_SUSPICIOUS_MOVE = YES;
				CLANG_WARN_UNGUARDED_AVAILABILITY = YES_AGGRESSIVE;
				CLANG_WARN_UNREACHABLE_CODE = YES;
				CLANG_WARN__DUPLICATE_METHOD_MATCH = YES;
				COPY_PHASE_STRIP = NO;
				DEBUG_INFORMATION_FORMAT = "dwarf-with-dsym";
				ENABLE_NS_ASSERTIONS = NO;
				ENABLE_STRICT_OBJC_MSGSEND = YES;
				GCC_C_LANGUAGE_STANDARD = gnu11;
				GCC_NO_COMMON_BLOCKS = YES;
				GCC_WARN_64_TO_32_BIT_CONVERSION = YES;
				GCC_WARN_ABOUT_RETURN_TYPE = YES_ERROR;
				GCC_WARN_UNDECLARED_SELECTOR = YES;
				GCC_WARN_UNINITIALIZED_AUTOS = YES_AGGRESSIVE;
				GCC_WARN_UNUSED_FUNCTION = YES;
				GCC_WARN_UNUSED_VARIABLE = YES;
				IPHONEOS_DEPLOYMENT_TARGET = 13.5;
				MTL_ENABLE_DEBUG_INFO = NO;
				MTL_FAST_MATH = YES;
				SDKROOT = iphoneos;
				SWIFT_COMPILATION_MODE = wholemodule;
				SWIFT_OPTIMIZATION_LEVEL = "-O";
				VALIDATE_PRODUCT = YES;
			};
			name = Release;
		};
		E76533B024901D680091056B /* Debug */ = {
			isa = XCBuildConfiguration;
			baseConfigurationReference = FA9EAB0F328934C6D6DC1BED /* Pods-Evolution.debug.xcconfig */;
			buildSettings = {
				ASSETCATALOG_COMPILER_APPICON_NAME = AppIcon;
				CODE_SIGN_ENTITLEMENTS = Evolution/Evolution.entitlements;
				CODE_SIGN_STYLE = Automatic;
				DEVELOPMENT_ASSET_PATHS = "\"Evolution/Preview Content\"";
				DEVELOPMENT_TEAM = E4H6XCERNK;
				ENABLE_PREVIEWS = YES;
				INFOPLIST_FILE = Evolution/Info.plist;
				IPHONEOS_DEPLOYMENT_TARGET = 13.0;
				LD_RUNPATH_SEARCH_PATHS = (
					"$(inherited)",
					"@executable_path/Frameworks",
				);
				PRODUCT_BUNDLE_IDENTIFIER = com.nomad5.Evolution;
				PRODUCT_NAME = "$(TARGET_NAME)";
				SUPPORTS_MACCATALYST = YES;
				SWIFT_VERSION = 5.0;
				TARGETED_DEVICE_FAMILY = "1,2";
			};
			name = Debug;
		};
		E76533B124901D680091056B /* Release */ = {
			isa = XCBuildConfiguration;
			baseConfigurationReference = 8D984570BE2AABF6F64643D5 /* Pods-Evolution.release.xcconfig */;
			buildSettings = {
				ASSETCATALOG_COMPILER_APPICON_NAME = AppIcon;
				CODE_SIGN_ENTITLEMENTS = Evolution/Evolution.entitlements;
				CODE_SIGN_STYLE = Automatic;
				DEVELOPMENT_ASSET_PATHS = "\"Evolution/Preview Content\"";
				DEVELOPMENT_TEAM = E4H6XCERNK;
				ENABLE_PREVIEWS = YES;
				INFOPLIST_FILE = Evolution/Info.plist;
				IPHONEOS_DEPLOYMENT_TARGET = 13.0;
				LD_RUNPATH_SEARCH_PATHS = (
					"$(inherited)",
					"@executable_path/Frameworks",
				);
				PRODUCT_BUNDLE_IDENTIFIER = com.nomad5.Evolution;
				PRODUCT_NAME = "$(TARGET_NAME)";
				SUPPORTS_MACCATALYST = YES;
				SWIFT_VERSION = 5.0;
				TARGETED_DEVICE_FAMILY = "1,2";
			};
			name = Release;
		};
		E76533B324901D680091056B /* Debug */ = {
			isa = XCBuildConfiguration;
			baseConfigurationReference = 2606E3EA93679CA9887EE817 /* Pods-EvolutionTests.debug.xcconfig */;
			buildSettings = {
				ALWAYS_EMBED_SWIFT_STANDARD_LIBRARIES = YES;
				BUNDLE_LOADER = "$(TEST_HOST)";
				CODE_SIGN_STYLE = Automatic;
				DEVELOPMENT_TEAM = E4H6XCERNK;
				INFOPLIST_FILE = EvolutionTests/Info.plist;
				IPHONEOS_DEPLOYMENT_TARGET = 13.5;
				LD_RUNPATH_SEARCH_PATHS = (
					"$(inherited)",
					"@executable_path/Frameworks",
					"@loader_path/Frameworks",
				);
				PRODUCT_BUNDLE_IDENTIFIER = com.nomad5.EvolutionTests;
				PRODUCT_NAME = "$(TARGET_NAME)";
				SWIFT_VERSION = 5.0;
				TARGETED_DEVICE_FAMILY = "1,2";
				TEST_HOST = "$(BUILT_PRODUCTS_DIR)/Evolution.app/Evolution";
			};
			name = Debug;
		};
		E76533B424901D680091056B /* Release */ = {
			isa = XCBuildConfiguration;
			baseConfigurationReference = 0B6DB73927E25385CB511E5B /* Pods-EvolutionTests.release.xcconfig */;
			buildSettings = {
				ALWAYS_EMBED_SWIFT_STANDARD_LIBRARIES = YES;
				BUNDLE_LOADER = "$(TEST_HOST)";
				CODE_SIGN_STYLE = Automatic;
				DEVELOPMENT_TEAM = E4H6XCERNK;
				INFOPLIST_FILE = EvolutionTests/Info.plist;
				IPHONEOS_DEPLOYMENT_TARGET = 13.5;
				LD_RUNPATH_SEARCH_PATHS = (
					"$(inherited)",
					"@executable_path/Frameworks",
					"@loader_path/Frameworks",
				);
				PRODUCT_BUNDLE_IDENTIFIER = com.nomad5.EvolutionTests;
				PRODUCT_NAME = "$(TARGET_NAME)";
				SWIFT_VERSION = 5.0;
				TARGETED_DEVICE_FAMILY = "1,2";
				TEST_HOST = "$(BUILT_PRODUCTS_DIR)/Evolution.app/Evolution";
			};
			name = Release;
		};
/* End XCBuildConfiguration section */

/* Begin XCConfigurationList section */
		E765338B24901D670091056B /* Build configuration list for PBXProject "Evolution" */ = {
			isa = XCConfigurationList;
			buildConfigurations = (
				E76533AD24901D680091056B /* Debug */,
				E76533AE24901D680091056B /* Release */,
			);
			defaultConfigurationIsVisible = 0;
			defaultConfigurationName = Release;
		};
		E76533AF24901D680091056B /* Build configuration list for PBXNativeTarget "Evolution" */ = {
			isa = XCConfigurationList;
			buildConfigurations = (
				E76533B024901D680091056B /* Debug */,
				E76533B124901D680091056B /* Release */,
			);
			defaultConfigurationIsVisible = 0;
			defaultConfigurationName = Release;
		};
		E76533B224901D680091056B /* Build configuration list for PBXNativeTarget "EvolutionTests" */ = {
			isa = XCConfigurationList;
			buildConfigurations = (
				E76533B324901D680091056B /* Debug */,
				E76533B424901D680091056B /* Release */,
			);
			defaultConfigurationIsVisible = 0;
			defaultConfigurationName = Release;
		};
/* End XCConfigurationList section */
	};
	rootObject = E765338824901D670091056B /* Project object */;
}
